{
  "name": "propertycross-onsenui2-implementation",
  "version": "4.0.2",
  "dependencies": {
    "acorn": {
      "version": "1.2.2",
      "from": "acorn@>=1.0.3 <2.0.0",
      "resolved": "https://registry.npmjs.org/acorn/-/acorn-1.2.2.tgz"
    },
    "amdefine": {
      "version": "1.0.0",
      "from": "amdefine@>=0.0.4",
      "resolved": "https://registry.npmjs.org/amdefine/-/amdefine-1.0.0.tgz"
    },
    "angular": {
      "version": "1.5.8",
      "from": "angular@1.5.8",
      "resolved": "https://registry.npmjs.org/angular/-/angular-1.5.8.tgz"
    },
    "ansi-regex": {
      "version": "2.0.0",
      "from": "ansi-regex@>=2.0.0 <3.0.0",
      "resolved": "https://registry.npmjs.org/ansi-regex/-/ansi-regex-2.0.0.tgz",
      "dev": true
    },
    "ansi-styles": {
      "version": "2.2.1",
      "from": "ansi-styles@>=2.2.1 <3.0.0",
      "resolved": "https://registry.npmjs.org/ansi-styles/-/ansi-styles-2.2.1.tgz",
      "dev": true
    },
    "array-filter": {
      "version": "0.0.1",
      "from": "array-filter@>=0.0.0 <0.1.0",
      "resolved": "https://registry.npmjs.org/array-filter/-/array-filter-0.0.1.tgz",
      "dev": true
    },
    "array-map": {
      "version": "0.0.0",
      "from": "array-map@>=0.0.0 <0.1.0",
      "resolved": "https://registry.npmjs.org/array-map/-/array-map-0.0.0.tgz",
      "dev": true
    },
    "array-reduce": {
      "version": "0.0.0",
      "from": "array-reduce@>=0.0.0 <0.1.0",
      "resolved": "https://registry.npmjs.org/array-reduce/-/array-reduce-0.0.0.tgz",
      "dev": true
    },
    "ast-types": {
      "version": "0.8.15",
      "from": "ast-types@0.8.15",
      "resolved": "https://registry.npmjs.org/ast-types/-/ast-types-0.8.15.tgz"
    },
    "balanced-match": {
      "version": "0.4.2",
      "from": "balanced-match@>=0.4.1 <0.5.0",
      "resolved": "https://registry.npmjs.org/balanced-match/-/balanced-match-0.4.2.tgz",
      "dev": true
    },
    "base62": {
      "version": "0.1.1",
      "from": "base62@0.1.1",
      "resolved": "https://registry.npmjs.org/base62/-/base62-0.1.1.tgz"
    },
    "brace-expansion": {
      "version": "1.1.6",
      "from": "brace-expansion@>=1.0.0 <2.0.0",
      "resolved": "https://registry.npmjs.org/brace-expansion/-/brace-expansion-1.1.6.tgz",
      "dev": true
    },
    "builtin-modules": {
      "version": "1.1.1",
      "from": "builtin-modules@>=1.0.0 <2.0.0",
      "resolved": "https://registry.npmjs.org/builtin-modules/-/builtin-modules-1.1.1.tgz",
      "dev": true
    },
    "chalk": {
      "version": "1.1.3",
      "from": "chalk@>=1.1.3 <2.0.0",
      "resolved": "https://registry.npmjs.org/chalk/-/chalk-1.1.3.tgz",
      "dev": true
    },
    "concat-map": {
      "version": "0.0.1",
      "from": "concat-map@0.0.1",
      "resolved": "https://registry.npmjs.org/concat-map/-/concat-map-0.0.1.tgz",
      "dev": true
    },
    "copyfiles": {
      "version": "1.0.0",
      "from": "copyfiles@>=1.0.0 <2.0.0",
      "resolved": "https://registry.npmjs.org/copyfiles/-/copyfiles-1.0.0.tgz",
      "dev": true,
      "dependencies": {
        "isarray": {
          "version": "1.0.0",
          "from": "isarray@>=1.0.0 <1.1.0",
          "resolved": "https://registry.npmjs.org/isarray/-/isarray-1.0.0.tgz",
          "dev": true
        },
        "readable-stream": {
          "version": "2.0.6",
          "from": "readable-stream@>=2.0.0 <2.1.0",
          "resolved": "https://registry.npmjs.org/readable-stream/-/readable-stream-2.0.6.tgz",
          "dev": true,
          "dependencies": {
            "process-nextick-args": {
              "version": "1.0.7",
              "from": "process-nextick-args@>=1.0.6 <1.1.0",
              "resolved": "https://registry.npmjs.org/process-nextick-args/-/process-nextick-args-1.0.7.tgz",
              "dev": true
            },
            "util-deprecate": {
              "version": "1.0.2",
              "from": "util-deprecate@>=1.0.1 <1.1.0",
              "resolved": "https://registry.npmjs.org/util-deprecate/-/util-deprecate-1.0.2.tgz",
              "dev": true
            }
          }
        },
        "through2": {
          "version": "2.0.1",
          "from": "through2@>=2.0.1 <3.0.0",
          "resolved": "https://registry.npmjs.org/through2/-/through2-2.0.1.tgz",
          "dev": true
        }
      }
    },
    "core-util-is": {
      "version": "1.0.2",
      "from": "core-util-is@>=1.0.0 <1.1.0",
      "resolved": "https://registry.npmjs.org/core-util-is/-/core-util-is-1.0.2.tgz"
    },
    "cross-spawn": {
      "version": "4.0.2",
      "from": "cross-spawn@>=4.0.0 <5.0.0",
      "resolved": "https://registry.npmjs.org/cross-spawn/-/cross-spawn-4.0.2.tgz",
      "dev": true
    },
    "define-properties": {
      "version": "1.1.2",
      "from": "define-properties@>=1.1.2 <2.0.0",
      "resolved": "https://registry.npmjs.org/define-properties/-/define-properties-1.1.2.tgz",
      "dev": true
    },
    "duplexer": {
      "version": "0.1.1",
      "from": "duplexer@>=0.1.1 <0.2.0",
      "resolved": "https://registry.npmjs.org/duplexer/-/duplexer-0.1.1.tgz",
      "dev": true
    },
    "error-ex": {
      "version": "1.3.0",
      "from": "error-ex@>=1.2.0 <2.0.0",
      "resolved": "https://registry.npmjs.org/error-ex/-/error-ex-1.3.0.tgz",
      "dev": true
    },
    "es-abstract": {
      "version": "1.6.1",
      "from": "es-abstract@>=1.4.3 <2.0.0",
      "resolved": "https://registry.npmjs.org/es-abstract/-/es-abstract-1.6.1.tgz",
      "dev": true
    },
    "es-to-primitive": {
      "version": "1.1.1",
      "from": "es-to-primitive@>=1.1.1 <2.0.0",
      "resolved": "https://registry.npmjs.org/es-to-primitive/-/es-to-primitive-1.1.1.tgz",
      "dev": true
    },
    "es3ify": {
      "version": "0.1.4",
      "from": "es3ify@>=0.1.3 <0.2.0",
      "resolved": "https://registry.npmjs.org/es3ify/-/es3ify-0.1.4.tgz"
    },
    "escape-string-regexp": {
      "version": "1.0.5",
      "from": "escape-string-regexp@>=1.0.2 <2.0.0",
      "resolved": "https://registry.npmjs.org/escape-string-regexp/-/escape-string-regexp-1.0.5.tgz",
      "dev": true
    },
    "esmangle-evaluator": {
      "version": "1.0.1",
      "from": "esmangle-evaluator@>=1.0.0 <2.0.0",
      "resolved": "https://registry.npmjs.org/esmangle-evaluator/-/esmangle-evaluator-1.0.1.tgz"
    },
    "esprima-fb": {
      "version": "3001.1.0-dev-harmony-fb",
      "from": "esprima-fb@>=3001.1.0-dev-harmony-fb <3001.2.0",
      "resolved": "https://registry.npmjs.org/esprima-fb/-/esprima-fb-3001.0001.0000-dev-harmony-fb.tgz"
    },
    "event-stream": {
      "version": "3.3.4",
      "from": "event-stream@>=3.3.0 <3.4.0",
      "resolved": "https://registry.npmjs.org/event-stream/-/event-stream-3.3.4.tgz",
      "dev": true
    },
    "falafel": {
      "version": "1.2.0",
      "from": "falafel@>=1.0.1 <2.0.0",
      "resolved": "https://registry.npmjs.org/falafel/-/falafel-1.2.0.tgz"
    },
    "find-up": {
      "version": "1.1.2",
      "from": "find-up@>=1.0.0 <2.0.0",
      "resolved": "https://registry.npmjs.org/find-up/-/find-up-1.1.2.tgz",
      "dev": true
    },
    "foreach": {
      "version": "2.0.5",
      "from": "foreach@>=2.0.5 <3.0.0",
      "resolved": "https://registry.npmjs.org/foreach/-/foreach-2.0.5.tgz"
    },
    "from": {
      "version": "0.1.3",
      "from": "from@>=0.0.0 <1.0.0",
      "resolved": "https://registry.npmjs.org/from/-/from-0.1.3.tgz",
      "dev": true
    },
    "fs.realpath": {
      "version": "1.0.0",
      "from": "fs.realpath@>=1.0.0 <2.0.0",
      "resolved": "https://registry.npmjs.org/fs.realpath/-/fs.realpath-1.0.0.tgz",
      "dev": true
    },
    "function-bind": {
      "version": "1.1.0",
      "from": "function-bind@>=1.0.2 <2.0.0",
      "resolved": "https://registry.npmjs.org/function-bind/-/function-bind-1.1.0.tgz",
      "dev": true
    },
    "glob": {
      "version": "7.1.1",
      "from": "glob@>=7.0.5 <8.0.0",
      "resolved": "https://registry.npmjs.org/glob/-/glob-7.1.1.tgz",
      "dev": true
    },
    "graceful-fs": {
      "version": "4.1.9",
      "from": "graceful-fs@>=4.1.2 <5.0.0",
      "resolved": "https://registry.npmjs.org/graceful-fs/-/graceful-fs-4.1.9.tgz",
      "dev": true
    },
    "has-ansi": {
      "version": "2.0.0",
      "from": "has-ansi@>=2.0.0 <3.0.0",
      "resolved": "https://registry.npmjs.org/has-ansi/-/has-ansi-2.0.0.tgz",
      "dev": true
    },
    "hosted-git-info": {
      "version": "2.1.5",
      "from": "hosted-git-info@>=2.1.4 <3.0.0",
      "resolved": "https://registry.npmjs.org/hosted-git-info/-/hosted-git-info-2.1.5.tgz",
      "dev": true
    },
    "immediate": {
      "version": "3.0.6",
      "from": "immediate@>=3.0.5 <3.1.0",
      "resolved": "https://registry.npmjs.org/immediate/-/immediate-3.0.6.tgz"
    },
    "inflight": {
      "version": "1.0.6",
      "from": "inflight@>=1.0.4 <2.0.0",
      "resolved": "https://registry.npmjs.org/inflight/-/inflight-1.0.6.tgz",
      "dev": true
    },
    "inherits": {
      "version": "2.0.1",
      "from": "inherits@>=2.0.1 <2.1.0",
      "resolved": "https://registry.npmjs.org/inherits/-/inherits-2.0.1.tgz"
    },
    "inline-process-browser": {
      "version": "1.0.0",
      "from": "inline-process-browser@>=1.0.0 <2.0.0",
      "resolved": "https://registry.npmjs.org/inline-process-browser/-/inline-process-browser-1.0.0.tgz"
    },
    "is-arrayish": {
      "version": "0.2.1",
      "from": "is-arrayish@>=0.2.1 <0.3.0",
      "resolved": "https://registry.npmjs.org/is-arrayish/-/is-arrayish-0.2.1.tgz",
      "dev": true
    },
    "is-builtin-module": {
      "version": "1.0.0",
      "from": "is-builtin-module@>=1.0.0 <2.0.0",
      "resolved": "https://registry.npmjs.org/is-builtin-module/-/is-builtin-module-1.0.0.tgz",
      "dev": true
    },
    "is-callable": {
      "version": "1.1.3",
      "from": "is-callable@>=1.1.3 <2.0.0",
      "resolved": "https://registry.npmjs.org/is-callable/-/is-callable-1.1.3.tgz",
      "dev": true
    },
    "is-date-object": {
      "version": "1.0.1",
      "from": "is-date-object@>=1.0.1 <2.0.0",
      "resolved": "https://registry.npmjs.org/is-date-object/-/is-date-object-1.0.1.tgz",
      "dev": true
    },
    "is-regex": {
      "version": "1.0.3",
      "from": "is-regex@>=1.0.3 <2.0.0",
      "resolved": "https://registry.npmjs.org/is-regex/-/is-regex-1.0.3.tgz",
      "dev": true
    },
    "is-symbol": {
      "version": "1.0.1",
      "from": "is-symbol@>=1.0.1 <2.0.0",
      "resolved": "https://registry.npmjs.org/is-symbol/-/is-symbol-1.0.1.tgz",
      "dev": true
    },
    "is-utf8": {
      "version": "0.2.1",
      "from": "is-utf8@>=0.2.0 <0.3.0",
      "resolved": "https://registry.npmjs.org/is-utf8/-/is-utf8-0.2.1.tgz",
      "dev": true
    },
    "isarray": {
      "version": "0.0.1",
      "from": "isarray@0.0.1",
      "resolved": "https://registry.npmjs.org/isarray/-/isarray-0.0.1.tgz"
    },
    "isexe": {
      "version": "1.1.2",
      "from": "isexe@>=1.1.1 <2.0.0",
      "resolved": "https://registry.npmjs.org/isexe/-/isexe-1.1.2.tgz",
      "dev": true
    },
    "jsonify": {
      "version": "0.0.0",
      "from": "jsonify@>=0.0.0 <0.1.0",
      "resolved": "https://registry.npmjs.org/jsonify/-/jsonify-0.0.0.tgz",
      "dev": true
    },
    "jstransform": {
      "version": "3.0.0",
      "from": "jstransform@>=3.0.0 <3.1.0",
      "resolved": "https://registry.npmjs.org/jstransform/-/jstransform-3.0.0.tgz"
    },
    "lie": {
      "version": "3.0.2",
      "from": "lie@3.0.2",
      "resolved": "https://registry.npmjs.org/lie/-/lie-3.0.2.tgz"
    },
    "load-json-file": {
      "version": "1.1.0",
      "from": "load-json-file@>=1.0.0 <2.0.0",
      "resolved": "https://registry.npmjs.org/load-json-file/-/load-json-file-1.1.0.tgz",
      "dev": true
    },
    "localforage": {
      "version": "1.4.3",
      "from": "localforage@1.4.3",
      "resolved": "https://registry.npmjs.org/localforage/-/localforage-1.4.3.tgz"
    },
    "lodash": {
      "version": "4.16.4",
      "from": "lodash@4.16.4",
      "resolved": "https://registry.npmjs.org/lodash/-/lodash-4.16.4.tgz"
    },
    "lru-cache": {
      "version": "4.0.1",
      "from": "lru-cache@>=4.0.1 <5.0.0",
      "resolved": "https://registry.npmjs.org/lru-cache/-/lru-cache-4.0.1.tgz",
      "dev": true
    },
    "ltcdr": {
      "version": "2.2.1",
      "from": "ltcdr@>=2.2.1 <3.0.0",
      "resolved": "https://registry.npmjs.org/ltcdr/-/ltcdr-2.2.1.tgz",
      "dev": true
    },
    "map-stream": {
      "version": "0.1.0",
      "from": "map-stream@>=0.1.0 <0.2.0",
      "resolved": "https://registry.npmjs.org/map-stream/-/map-stream-0.1.0.tgz",
      "dev": true
    },
    "minimatch": {
      "version": "3.0.3",
      "from": "minimatch@>=3.0.2 <4.0.0",
      "resolved": "https://registry.npmjs.org/minimatch/-/minimatch-3.0.3.tgz",
      "dev": true
    },
    "minimist": {
      "version": "0.0.8",
      "from": "minimist@0.0.8",
      "resolved": "https://registry.npmjs.org/minimist/-/minimist-0.0.8.tgz",
      "dev": true
    },
    "mkdirp": {
      "version": "0.5.1",
      "from": "mkdirp@>=0.5.1 <0.6.0",
      "resolved": "https://registry.npmjs.org/mkdirp/-/mkdirp-0.5.1.tgz",
      "dev": true
    },
    "noms": {
      "version": "0.0.0",
      "from": "noms@0.0.0",
      "resolved": "https://registry.npmjs.org/noms/-/noms-0.0.0.tgz",
      "dev": true
    },
    "normalize-package-data": {
      "version": "2.3.5",
      "from": "normalize-package-data@>=2.3.2 <3.0.0",
      "resolved": "https://registry.npmjs.org/normalize-package-data/-/normalize-package-data-2.3.5.tgz",
      "dev": true
    },
    "npm-run-all": {
      "version": "2.3.0",
      "from": "npm-run-all@>=2.3.0 <3.0.0",
      "resolved": "https://registry.npmjs.org/npm-run-all/-/npm-run-all-2.3.0.tgz",
      "dev": true
    },
    "object-assign": {
      "version": "4.1.0",
      "from": "object-assign@>=4.0.1 <5.0.0",
      "resolved": "https://registry.npmjs.org/object-assign/-/object-assign-4.1.0.tgz",
      "dev": true
    },
    "object-keys": {
      "version": "1.0.9",
      "from": "object-keys@>=1.0.6 <2.0.0",
      "resolved": "https://registry.npmjs.org/object-keys/-/object-keys-1.0.9.tgz"
    },
    "once": {
      "version": "1.4.0",
      "from": "once@>=1.3.0 <2.0.0",
      "resolved": "https://registry.npmjs.org/once/-/once-1.4.0.tgz",
      "dev": true
    },
    "onsenui": {
      "version": "2.0.3",
      "from": "onsenui@2.0.3",
      "resolved": "https://registry.npmjs.org/onsenui/-/onsenui-2.0.3.tgz"
    },
    "parse-json": {
      "version": "2.2.0",
      "from": "parse-json@>=2.2.0 <3.0.0",
      "resolved": "https://registry.npmjs.org/parse-json/-/parse-json-2.2.0.tgz",
      "dev": true
    },
    "path-exists": {
      "version": "2.1.0",
      "from": "path-exists@>=2.0.0 <3.0.0",
      "resolved": "https://registry.npmjs.org/path-exists/-/path-exists-2.1.0.tgz",
      "dev": true
    },
    "path-is-absolute": {
      "version": "1.0.1",
      "from": "path-is-absolute@>=1.0.0 <2.0.0",
      "resolved": "https://registry.npmjs.org/path-is-absolute/-/path-is-absolute-1.0.1.tgz",
      "dev": true
    },
    "path-type": {
      "version": "1.1.0",
      "from": "path-type@>=1.0.0 <2.0.0",
      "resolved": "https://registry.npmjs.org/path-type/-/path-type-1.1.0.tgz",
      "dev": true
    },
    "pause-stream": {
      "version": "0.0.11",
      "from": "pause-stream@0.0.11",
      "resolved": "https://registry.npmjs.org/pause-stream/-/pause-stream-0.0.11.tgz",
      "dev": true
    },
    "pify": {
      "version": "2.3.0",
      "from": "pify@>=2.0.0 <3.0.0",
      "resolved": "https://registry.npmjs.org/pify/-/pify-2.3.0.tgz",
      "dev": true
    },
    "pinkie": {
      "version": "2.0.4",
      "from": "pinkie@>=2.0.0 <3.0.0",
      "resolved": "https://registry.npmjs.org/pinkie/-/pinkie-2.0.4.tgz",
      "dev": true
    },
    "pinkie-promise": {
      "version": "2.0.1",
      "from": "pinkie-promise@>=2.0.1 <3.0.0",
      "resolved": "https://registry.npmjs.org/pinkie-promise/-/pinkie-promise-2.0.1.tgz",
      "dev": true
    },
    "private": {
      "version": "0.1.6",
      "from": "private@>=0.1.5 <0.2.0",
      "resolved": "https://registry.npmjs.org/private/-/private-0.1.6.tgz"
    },
    "ps-tree": {
      "version": "1.1.0",
      "from": "ps-tree@>=1.0.1 <2.0.0",
      "resolved": "https://registry.npmjs.org/ps-tree/-/ps-tree-1.1.0.tgz",
      "dev": true
    },
    "pseudomap": {
      "version": "1.0.2",
      "from": "pseudomap@>=1.0.1 <2.0.0",
      "resolved": "https://registry.npmjs.org/pseudomap/-/pseudomap-1.0.2.tgz",
      "dev": true
    },
    "read-pkg": {
      "version": "1.1.0",
      "from": "read-pkg@>=1.1.0 <2.0.0",
      "resolved": "https://registry.npmjs.org/read-pkg/-/read-pkg-1.1.0.tgz",
      "dev": true
    },
    "read-pkg-up": {
      "version": "1.0.1",
      "from": "read-pkg-up@>=1.0.1 <2.0.0",
      "resolved": "https://registry.npmjs.org/read-pkg-up/-/read-pkg-up-1.0.1.tgz",
      "dev": true
    },
    "readable-stream": {
      "version": "1.0.34",
      "from": "readable-stream@>=1.0.33-1 <1.1.0-0",
      "resolved": "https://registry.npmjs.org/readable-stream/-/readable-stream-1.0.34.tgz"
    },
    "recast": {
      "version": "0.10.43",
      "from": "recast@>=0.10.1 <0.11.0",
      "resolved": "https://registry.npmjs.org/recast/-/recast-0.10.43.tgz",
      "dependencies": {
        "esprima-fb": {
          "version": "15001.1001.0-dev-harmony-fb",
          "from": "esprima-fb@>=15001.1001.0-dev-harmony-fb <15001.1002.0",
          "resolved": "https://registry.npmjs.org/esprima-fb/-/esprima-fb-15001.1001.0-dev-harmony-fb.tgz"
        },
        "source-map": {
          "version": "0.5.6",
          "from": "source-map@>=0.5.0 <0.6.0",
          "resolved": "https://registry.npmjs.org/source-map/-/source-map-0.5.6.tgz"
        }
      }
    },
    "rimraf": {
      "version": "2.5.4",
      "from": "rimraf@>=2.5.4 <3.0.0",
      "resolved": "https://registry.npmjs.org/rimraf/-/rimraf-2.5.4.tgz",
      "dev": true
    },
    "semver": {
      "version": "5.3.0",
      "from": "semver@>=2.0.0 <3.0.0||>=3.0.0 <4.0.0||>=4.0.0 <5.0.0||>=5.0.0 <6.0.0",
      "resolved": "https://registry.npmjs.org/semver/-/semver-5.3.0.tgz",
      "dev": true
    },
    "shell-quote": {
      "version": "1.6.1",
      "from": "shell-quote@>=1.6.1 <2.0.0",
      "resolved": "https://registry.npmjs.org/shell-quote/-/shell-quote-1.6.1.tgz",
      "dev": true
    },
    "source-map": {
      "version": "0.1.31",
      "from": "source-map@0.1.31",
      "resolved": "https://registry.npmjs.org/source-map/-/source-map-0.1.31.tgz"
    },
    "spdx-correct": {
      "version": "1.0.2",
      "from": "spdx-correct@>=1.0.0 <1.1.0",
      "resolved": "https://registry.npmjs.org/spdx-correct/-/spdx-correct-1.0.2.tgz",
      "dev": true
    },
    "spdx-expression-parse": {
      "version": "1.0.4",
      "from": "spdx-expression-parse@>=1.0.0 <1.1.0",
      "resolved": "https://registry.npmjs.org/spdx-expression-parse/-/spdx-expression-parse-1.0.4.tgz",
      "dev": true
    },
    "spdx-license-ids": {
      "version": "1.2.2",
      "from": "spdx-license-ids@>=1.0.2 <2.0.0",
      "resolved": "https://registry.npmjs.org/spdx-license-ids/-/spdx-license-ids-1.2.2.tgz",
      "dev": true
    },
    "split": {
      "version": "0.3.3",
      "from": "split@>=0.3.0 <0.4.0",
      "resolved": "https://registry.npmjs.org/split/-/split-0.3.3.tgz",
      "dev": true
    },
    "stream-combiner": {
      "version": "0.0.4",
      "from": "stream-combiner@>=0.0.4 <0.1.0",
      "resolved": "https://registry.npmjs.org/stream-combiner/-/stream-combiner-0.0.4.tgz",
      "dev": true
    },
    "string_decoder": {
      "version": "0.10.31",
      "from": "string_decoder@>=0.10.0 <0.11.0",
      "resolved": "https://registry.npmjs.org/string_decoder/-/string_decoder-0.10.31.tgz"
    },
    "string.prototype.padend": {
      "version": "3.0.0",
      "from": "string.prototype.padend@>=3.0.0 <4.0.0",
      "resolved": "https://registry.npmjs.org/string.prototype.padend/-/string.prototype.padend-3.0.0.tgz",
      "dev": true
    },
    "strip-ansi": {
      "version": "3.0.1",
      "from": "strip-ansi@>=3.0.0 <4.0.0",
      "resolved": "https://registry.npmjs.org/strip-ansi/-/strip-ansi-3.0.1.tgz",
      "dev": true
    },
    "strip-bom": {
      "version": "2.0.0",
      "from": "strip-bom@>=2.0.0 <3.0.0",
      "resolved": "https://registry.npmjs.org/strip-bom/-/strip-bom-2.0.0.tgz",
      "dev": true
    },
    "supports-color": {
      "version": "2.0.0",
      "from": "supports-color@>=2.0.0 <3.0.0",
      "resolved": "https://registry.npmjs.org/supports-color/-/supports-color-2.0.0.tgz",
      "dev": true
    },
    "through": {
      "version": "2.3.8",
      "from": "through@>=2.3.4 <2.4.0",
      "resolved": "https://registry.npmjs.org/through/-/through-2.3.8.tgz"
    },
    "through2": {
      "version": "0.6.5",
      "from": "through2@>=0.6.5 <0.7.0",
      "resolved": "https://registry.npmjs.org/through2/-/through2-0.6.5.tgz"
    },
    "unreachable-branch-transform": {
      "version": "0.3.0",
      "from": "unreachable-branch-transform@>=0.3.0 <0.4.0",
      "resolved": "https://registry.npmjs.org/unreachable-branch-transform/-/unreachable-branch-transform-0.3.0.tgz"
    },
    "validate-npm-package-license": {
      "version": "3.0.1",
      "from": "validate-npm-package-license@>=3.0.1 <4.0.0",
      "resolved": "https://registry.npmjs.org/validate-npm-package-license/-/validate-npm-package-license-3.0.1.tgz",
      "dev": true
    },
    "which": {
      "version": "1.2.11",
      "from": "which@>=1.2.9 <2.0.0",
      "resolved": "https://registry.npmjs.org/which/-/which-1.2.11.tgz",
      "dev": true
    },
    "wrappy": {
      "version": "1.0.2",
      "from": "wrappy@>=1.0.0 <2.0.0",
      "resolved": "https://registry.npmjs.org/wrappy/-/wrappy-1.0.2.tgz",
      "dev": true
    },
    "xtend": {
      "version": "4.0.1",
      "from": "xtend@>=4.0.0 <4.1.0-0",
      "resolved": "https://registry.npmjs.org/xtend/-/xtend-4.0.1.tgz"
    },
    "yallist": {
      "version": "2.0.0",
      "from": "yallist@>=2.0.0 <3.0.0",
      "resolved": "https://registry.npmjs.org/yallist/-/yallist-2.0.0.tgz",
      "dev": true
    }
  }
}
