<Project xmlns="http://schemas.microsoft.com/developer/msbuild/2003">
    <PropertyGroup>
        <ProjectGuid>{15D07B1D-FA78-431A-A6F3-88A9AAB4B3F4}</ProjectGuid>
        <ProjectVersion>14.6</ProjectVersion>
        <FrameworkType>FMX</FrameworkType>
        <MainSource>PropertyCrossDelphi.dpr</MainSource>
        <Base>True</Base>
        <Config Condition="'$(Config)'==''">Release</Config>
        <Platform Condition="'$(Platform)'==''">iOSDevice</Platform>
        <TargetedPlatforms>73</TargetedPlatforms>
        <AppType>Application</AppType>
    </PropertyGroup>
    <PropertyGroup Condition="'$(Config)'=='Base' or '$(Base)'!=''">
        <Base>true</Base>
    </PropertyGroup>
    <PropertyGroup Condition="('$(Platform)'=='iOSDevice' and '$(Base)'=='true') or '$(Base_iOSDevice)'!=''">
        <Base_iOSDevice>true</Base_iOSDevice>
        <CfgParent>Base</CfgParent>
        <Base>true</Base>
    </PropertyGroup>
    <PropertyGroup Condition="('$(Platform)'=='iOSSimulator' and '$(Base)'=='true') or '$(Base_iOSSimulator)'!=''">
        <Base_iOSSimulator>true</Base_iOSSimulator>
        <CfgParent>Base</CfgParent>
        <Base>true</Base>
    </PropertyGroup>
    <PropertyGroup Condition="('$(Platform)'=='Win32' and '$(Base)'=='true') or '$(Base_Win32)'!=''">
        <Base_Win32>true</Base_Win32>
        <CfgParent>Base</CfgParent>
        <Base>true</Base>
    </PropertyGroup>
    <PropertyGroup Condition="'$(Config)'=='Debug' or '$(Cfg_1)'!=''">
        <Cfg_1>true</Cfg_1>
        <CfgParent>Base</CfgParent>
        <Base>true</Base>
    </PropertyGroup>
    <PropertyGroup Condition="('$(Platform)'=='iOSDevice' and '$(Cfg_1)'=='true') or '$(Cfg_1_iOSDevice)'!=''">
        <Cfg_1_iOSDevice>true</Cfg_1_iOSDevice>
        <CfgParent>Cfg_1</CfgParent>
        <Cfg_1>true</Cfg_1>
        <Base>true</Base>
    </PropertyGroup>
    <PropertyGroup Condition="('$(Platform)'=='iOSSimulator' and '$(Cfg_1)'=='true') or '$(Cfg_1_iOSSimulator)'!=''">
        <Cfg_1_iOSSimulator>true</Cfg_1_iOSSimulator>
        <CfgParent>Cfg_1</CfgParent>
        <Cfg_1>true</Cfg_1>
        <Base>true</Base>
    </PropertyGroup>
    <PropertyGroup Condition="'$(Config)'=='Release' or '$(Cfg_2)'!=''">
        <Cfg_2>true</Cfg_2>
        <CfgParent>Base</CfgParent>
        <Base>true</Base>
    </PropertyGroup>
    <PropertyGroup Condition="('$(Platform)'=='iOSSimulator' and '$(Cfg_2)'=='true') or '$(Cfg_2_iOSSimulator)'!=''">
        <Cfg_2_iOSSimulator>true</Cfg_2_iOSSimulator>
        <CfgParent>Cfg_2</CfgParent>
        <Cfg_2>true</Cfg_2>
        <Base>true</Base>
    </PropertyGroup>
    <PropertyGroup Condition="'$(Base)'!=''">
        <OrientationPortrait>true</OrientationPortrait>
        <OrientationPortraitUpsideDown>true</OrientationPortraitUpsideDown>
        <Manifest_File>$(BDS)\bin\default_app.manifest</Manifest_File>
        <DCC_Namespace>System;Xml;Data;Datasnap;Web;Soap;$(DCC_Namespace)</DCC_Namespace>
        <DCC_DcuOutput>.\$(Platform)\$(Config)</DCC_DcuOutput>
        <DCC_ExeOutput>.\$(Platform)\$(Config)</DCC_ExeOutput>
        <DCC_E>false</DCC_E>
        <DCC_N>false</DCC_N>
        <DCC_S>false</DCC_S>
        <DCC_F>false</DCC_F>
        <DCC_K>false</DCC_K>
    </PropertyGroup>
    <PropertyGroup Condition="'$(Base_iOSDevice)'!=''">
        <VerInfo_BundleId>$(MSBuildProjectName)</VerInfo_BundleId>
        <VerInfo_UIDeviceFamily>iPhoneAndiPad</VerInfo_UIDeviceFamily>
        <VerInfo_IncludeVerInfo>true</VerInfo_IncludeVerInfo>
        <VerInfo_Keys>CFBundleName=$(MSBuildProjectName);CFBundleDevelopmentRegion=en;CFBundleDisplayName=$(MSBuildProjectName);CFBundleIdentifier=$(MSBuildProjectName);CFBundleInfoDictionaryVersion=6.0;CFBundleVersion=1.0.0;CFBundlePackageType=APPL;CFBundleSignature=????;LSRequiresIPhoneOS=true;CFBundleAllowMixedLocalizations=YES;CFBundleExecutable=$(MSBuildProjectName);CFBundleResourceSpecification=ResourceRules.plist;UIDeviceFamily=iPhone &amp; iPad</VerInfo_Keys>
        <DCC_UsePackage>fmxhrh;DBXSqliteDriver;fmx;rtl;dbrtl;DbxClientDriver;IndySystem;bindcomp;DBXInterBaseDriver;DataSnapClient;DataSnapCommon;DataSnapProviderClient;xmlrtl;DbxCommonDriver;IndyProtocols;bindengine;bindcompdbx;CustomIPTransport;dsnap;fmxase;IndyCore;IndyIPCommon;dbexpress;IndyIPClient;$(DCC_UsePackage)</DCC_UsePackage>
        <BT_BuildType>Debug</BT_BuildType>
        <iPad_Launch1536>$(BDS)\bin\Artwork\iOS\iPad\FM_LaunchImagePortrait_1536x2008.png</iPad_Launch1536>
        <iPad_AppIcon144>$(BDS)\bin\Artwork\iOS\iPad\FM_ApplicationIcon_144x144.png</iPad_AppIcon144>
        <iPad_AppIcon72>$(BDS)\bin\Artwork\iOS\iPad\FM_ApplicationIcon_72x72.png</iPad_AppIcon72>
        <iPhone_Launch640x1136>C:\projects\PropertyCross\delphi\assets\splashscreens\720x1280.png</iPhone_Launch640x1136>
        <iPad_Setting29>$(BDS)\bin\Artwork\iOS\iPad\FM_SettingIcon_29x29.png</iPad_Setting29>
        <iPhone_Spotlight58>$(BDS)\bin\Artwork\iOS\iPhone\FM_SpotlightSearchIcon_58x58.png</iPhone_Spotlight58>
        <iPad_Setting58>$(BDS)\bin\Artwork\iOS\iPad\FM_SettingIcon_58x58.png</iPad_Setting58>
        <iPhone_Spotlight29>$(BDS)\bin\Artwork\iOS\iPhone\FM_SpotlightSearchIcon_29x29.png</iPhone_Spotlight29>
        <iPad_Launch2048>$(BDS)\bin\Artwork\iOS\iPad\FM_LaunchImageLandscape_2048x1496.png</iPad_Launch2048>
        <iPad_SpotLight50>$(BDS)\bin\Artwork\iOS\iPad\FM_SpotlightSearchIcon_50x50.png</iPad_SpotLight50>
        <iPad_SpotLight100>$(BDS)\bin\Artwork\iOS\iPad\FM_SpotlightSearchIcon_100x100.png</iPad_SpotLight100>
        <iPad_Launch768>$(BDS)\bin\Artwork\iOS\iPad\FM_LaunchImagePortrait_768x1004.png</iPad_Launch768>
        <iPad_Launch1024>$(BDS)\bin\Artwork\iOS\iPad\FM_LaunchImageLandscape_1024x748.png</iPad_Launch1024>
        <iPhone_AppIcon114>C:\projects\PropertyCross\delphi\assets\icons\icon-57-2x.png</iPhone_AppIcon114>
        <iPhone_AppIcon57>C:\projects\PropertyCross\delphi\assets\icons\icon-57.png</iPhone_AppIcon57>
        <iPhone_Launch640>C:\projects\PropertyCross\delphi\assets\splashscreens\640x960.png</iPhone_Launch640>
        <iPhone_Launch320>C:\projects\PropertyCross\delphi\assets\splashscreens\320x480.png</iPhone_Launch320>
    </PropertyGroup>
    <PropertyGroup Condition="'$(Base_iOSSimulator)'!=''">
        <VerInfo_UIDeviceFamily>iPhoneAndiPad</VerInfo_UIDeviceFamily>
        <DCC_UsePackage>fmxhrh;bindcompfmx;DBXSqliteDriver;fmx;rtl;dbrtl;DbxClientDriver;IndySystem;bindcomp;DBXInterBaseDriver;DataSnapClient;DataSnapCommon;DataSnapProviderClient;xmlrtl;DbxCommonDriver;IndyProtocols;dbxcds;bindengine;bindcompdbx;CustomIPTransport;dsnap;fmxase;IndyCore;IndyIPCommon;dbexpress;IndyIPClient;$(DCC_UsePackage)</DCC_UsePackage>
        <VerInfo_IncludeVerInfo>true</VerInfo_IncludeVerInfo>
        <VerInfo_Keys>CFBundleName=$(MSBuildProjectName);CFBundleDevelopmentRegion=en;CFBundleDisplayName=$(MSBuildProjectName);CFBundleIdentifier=$(MSBuildProjectName);CFBundleInfoDictionaryVersion=6.0;CFBundleVersion=1.0.0;CFBundlePackageType=APPL;CFBundleSignature=????;LSRequiresIPhoneOS=true;CFBundleAllowMixedLocalizations=YES;CFBundleExecutable=$(MSBuildProjectName);CFBundleResourceSpecification=ResourceRules.plist;UIDeviceFamily=iPhone &amp; iPad</VerInfo_Keys>
        <iPad_Launch1536>$(BDS)\bin\Artwork\iOS\iPad\FM_LaunchImagePortrait_1536x2008.png</iPad_Launch1536>
        <iPad_AppIcon144>$(BDS)\bin\Artwork\iOS\iPad\FM_ApplicationIcon_144x144.png</iPad_AppIcon144>
        <iPad_AppIcon72>$(BDS)\bin\Artwork\iOS\iPad\FM_ApplicationIcon_72x72.png</iPad_AppIcon72>
        <iPhone_Launch640x1136>$(BDS)\bin\Artwork\iOS\iPhone\FM_LaunchImage_640x1136.png</iPhone_Launch640x1136>
        <iPad_Setting29>$(BDS)\bin\Artwork\iOS\iPad\FM_SettingIcon_29x29.png</iPad_Setting29>
        <iPhone_Spotlight58>$(BDS)\bin\Artwork\iOS\iPhone\FM_SpotlightSearchIcon_58x58.png</iPhone_Spotlight58>
        <iPad_Setting58>$(BDS)\bin\Artwork\iOS\iPad\FM_SettingIcon_58x58.png</iPad_Setting58>
        <iPhone_Spotlight29>$(BDS)\bin\Artwork\iOS\iPhone\FM_SpotlightSearchIcon_29x29.png</iPhone_Spotlight29>
        <iPad_Launch2048>$(BDS)\bin\Artwork\iOS\iPad\FM_LaunchImageLandscape_2048x1496.png</iPad_Launch2048>
        <iPad_SpotLight50>$(BDS)\bin\Artwork\iOS\iPad\FM_SpotlightSearchIcon_50x50.png</iPad_SpotLight50>
        <iPad_SpotLight100>$(BDS)\bin\Artwork\iOS\iPad\FM_SpotlightSearchIcon_100x100.png</iPad_SpotLight100>
        <iPad_Launch768>$(BDS)\bin\Artwork\iOS\iPad\FM_LaunchImagePortrait_768x1004.png</iPad_Launch768>
        <iPad_Launch1024>$(BDS)\bin\Artwork\iOS\iPad\FM_LaunchImageLandscape_1024x748.png</iPad_Launch1024>
        <iPhone_AppIcon114>$(BDS)\bin\Artwork\iOS\iPhone\FM_ApplicationIcon_114x114.png</iPhone_AppIcon114>
        <iPhone_AppIcon57>$(BDS)\bin\Artwork\iOS\iPhone\FM_ApplicationIcon_57x57.png</iPhone_AppIcon57>
        <iPhone_Launch640>$(BDS)\bin\Artwork\iOS\iPhone\FM_LaunchImage_640x960.png</iPhone_Launch640>
        <iPhone_Launch320>$(BDS)\bin\Artwork\iOS\iPhone\FM_LaunchImage_320x480.png</iPhone_Launch320>
    </PropertyGroup>
    <PropertyGroup Condition="'$(Base_Win32)'!=''">
        <VerInfo_Locale>1033</VerInfo_Locale>
        <VerInfo_IncludeVerInfo>true</VerInfo_IncludeVerInfo>
        <DCC_Namespace>Winapi;System.Win;Data.Win;Datasnap.Win;Web.Win;Soap.Win;Xml.Win;Bde;$(DCC_Namespace)</DCC_Namespace>
        <VerInfo_Keys>CompanyName=;FileDescription=;FileVersion=1.0.0.0;InternalName=;LegalCopyright=;LegalTrademarks=;OriginalFilename=;ProductName=;ProductVersion=1.0.0.0;Comments=</VerInfo_Keys>
    </PropertyGroup>
    <PropertyGroup Condition="'$(Cfg_1)'!=''">
        <DCC_Define>DEBUG;$(DCC_Define)</DCC_Define>
        <DCC_DebugDCUs>true</DCC_DebugDCUs>
        <DCC_Optimize>false</DCC_Optimize>
        <DCC_GenerateStackFrames>true</DCC_GenerateStackFrames>
        <DCC_DebugInfoInExe>true</DCC_DebugInfoInExe>
        <DCC_RemoteDebug>true</DCC_RemoteDebug>
    </PropertyGroup>
    <PropertyGroup Condition="'$(Cfg_1_iOSDevice)'!=''">
        <VerInfo_IncludeVerInfo>true</VerInfo_IncludeVerInfo>
        <VerInfo_BundleId>$(MSBuildProjectName)</VerInfo_BundleId>
        <VerInfo_UIDeviceFamily>iPhoneAndiPad</VerInfo_UIDeviceFamily>
        <Debugger_DebugSourcePath>\tp\qupdate1\runtime\fmx\;$(Debugger_DebugSourcePath)</Debugger_DebugSourcePath>
    </PropertyGroup>
    <PropertyGroup Condition="'$(Cfg_1_iOSSimulator)'!=''">
        <Debugger_DebugSourcePath>\tp\qupdate1\runtime\fmx\;\tp\qupdate1\runtime\databinding\components\;C:\tp\qupdate1\runtime\indy\lib\System\;C:\tp\qupdate1\runtime\indy\lib\Core\;C:\tp\qupdate1\runtime\indy\lib\Protocols\;$(Debugger_DebugSourcePath)</Debugger_DebugSourcePath>
        <VerInfo_UIDeviceFamily>iPhoneAndiPad</VerInfo_UIDeviceFamily>
        <VerInfo_IncludeVerInfo>true</VerInfo_IncludeVerInfo>
    </PropertyGroup>
    <PropertyGroup Condition="'$(Cfg_2)'!=''">
        <DCC_LocalDebugSymbols>false</DCC_LocalDebugSymbols>
        <DCC_Define>RELEASE;$(DCC_Define)</DCC_Define>
        <DCC_SymbolReferenceInfo>0</DCC_SymbolReferenceInfo>
        <DCC_DebugInformation>false</DCC_DebugInformation>
    </PropertyGroup>
    <PropertyGroup Condition="'$(Cfg_2_iOSSimulator)'!=''">
        <VerInfo_IncludeVerInfo>true</VerInfo_IncludeVerInfo>
    </PropertyGroup>
    <ItemGroup>
        <DelphiCompile Include="$(MainSource)">
            <MainSource>MainSource</MainSource>
        </DelphiCompile>
        <DCCReference Include="formMain.pas">
            <Form>frmMain</Form>
            <FormType>fmx</FormType>
        </DCCReference>
        <DCCReference Include="dataNestoria.pas">
            <Form>dtmdlNestoria</Form>
            <FormType>dfm</FormType>
            <DesignClass>TDataModule</DesignClass>
        </DCCReference>
        <DCCReference Include="unitNestoriaDBServices.pas"/>
        <DCCReference Include="unitNestoriaHTTPServices.pas"/>
        <DCCReference Include="unitNestoriaObjects.pas"/>
        <DCCReference Include="unitNestoriaSearchTypes.pas"/>
        <DCCReference Include="unitImageCache.pas"/>
        <DCCReference Include="unitNestoriaImagesServices.pas"/>
        <DCCReference Include="unitNestoriaThreadServices.pas"/>
        <DCCReference Include="unitNestoriaJSONServices.pas"/>
        <DCCReference Include="Data.JSON.Doc.pas"/>
        <DCCReference Include="Data.JSON.Intf.pas"/>
        <DCCReference Include="Data.JSON.Objs.pas"/>
        <DCCReference Include="Data.JSON.Tokenizer.pas"/>
        <BuildConfiguration Include="Release">
            <Key>Cfg_2</Key>
            <CfgParent>Base</CfgParent>
        </BuildConfiguration>
        <BuildConfiguration Include="Base">
            <Key>Base</Key>
        </BuildConfiguration>
        <BuildConfiguration Include="Debug">
            <Key>Cfg_1</Key>
            <CfgParent>Base</CfgParent>
        </BuildConfiguration>
    </ItemGroup>
    <ProjectExtensions>
        <Borland.Personality>Delphi.Personality.12</Borland.Personality>
        <Borland.ProjectType/>
        <BorlandProject>
            <Delphi.Personality>
                <VersionInfo>
                    <VersionInfo Name="IncludeVerInfo">False</VersionInfo>
                    <VersionInfo Name="AutoIncBuild">False</VersionInfo>
                    <VersionInfo Name="MajorVer">1</VersionInfo>
                    <VersionInfo Name="MinorVer">0</VersionInfo>
                    <VersionInfo Name="Release">0</VersionInfo>
                    <VersionInfo Name="Build">0</VersionInfo>
                    <VersionInfo Name="Debug">False</VersionInfo>
                    <VersionInfo Name="PreRelease">False</VersionInfo>
                    <VersionInfo Name="Special">False</VersionInfo>
                    <VersionInfo Name="Private">False</VersionInfo>
                    <VersionInfo Name="DLL">False</VersionInfo>
                    <VersionInfo Name="Locale">1033</VersionInfo>
                    <VersionInfo Name="CodePage">1252</VersionInfo>
                </VersionInfo>
                <VersionInfoKeys>
                    <VersionInfoKeys Name="CompanyName"/>
                    <VersionInfoKeys Name="FileDescription"/>
                    <VersionInfoKeys Name="FileVersion">1.0.0.0</VersionInfoKeys>
                    <VersionInfoKeys Name="InternalName"/>
                    <VersionInfoKeys Name="LegalCopyright"/>
                    <VersionInfoKeys Name="LegalTrademarks"/>
                    <VersionInfoKeys Name="OriginalFilename"/>
                    <VersionInfoKeys Name="ProductName"/>
                    <VersionInfoKeys Name="ProductVersion">1.0.0.0</VersionInfoKeys>
                    <VersionInfoKeys Name="Comments"/>
                    <VersionInfoKeys Name="CFBundleName"/>
                    <VersionInfoKeys Name="CFBundleDisplayName"/>
                    <VersionInfoKeys Name="CFBundleIdentifier"/>
                    <VersionInfoKeys Name="CFBundleVersion"/>
                    <VersionInfoKeys Name="CFBundlePackageType"/>
                    <VersionInfoKeys Name="CFBundleSignature"/>
                    <VersionInfoKeys Name="CFBundleAllowMixedLocalizations"/>
                    <VersionInfoKeys Name="CFBundleExecutable"/>
                </VersionInfoKeys>
                <Source>
                    <Source Name="MainSource">PropertyCrossDelphi.dpr</Source>
                </Source>
                <Excluded_Packages>
                    <Excluded_Packages Name="$(BDSBIN)\dcloffice2k180.bpl">Microsoft Office 2000 Sample Automation Server Wrapper Components</Excluded_Packages>
                    <Excluded_Packages Name="$(BDSBIN)\dclofficexp180.bpl">Microsoft Office XP Sample Automation Server Wrapper Components</Excluded_Packages>
                </Excluded_Packages>
            </Delphi.Personality>
            <Platforms>
                <Platform value="iOSDevice">True</Platform>
                <Platform value="iOSSimulator" ActiveMobileDevice="iPhone">True</Platform>
                <Platform value="Win32">True</Platform>
            </Platforms>
            <Deployment>
                <DeployFile LocalName="iOSDevice\Release\PropertyCrossDelphi" Configuration="Release" Class="ProjectOutput">
                    <Platform Name="iOSDevice"/>
                </DeployFile>
                <DeployFile LocalName="iOSSimulator\Debug\PropertyCrossDelphi.entitlements" Configuration="Debug" Class="ProjectiOSEntitlements">
                    <Platform Name="iOSSimulator">
                        <RemoteName>Entitlements.plist</RemoteName>
                    </Platform>
                </DeployFile>
                <DeployFile LocalName="iOSDevice\Debug\PropertyCrossDelphi" Configuration="Debug" Class="ProjectOutput">
                    <Platform Name="iOSDevice"/>
                </DeployFile>
                <DeployFile LocalName="$(BDS)\redist\osx32\libmidas.dylib" Class="File">
                    <Platform Name="iOSSimulator"/>
                </DeployFile>
                <DeployFile LocalName="$(BDS)\bin\Artwork\iOS\iPhone\FM_LaunchImage_640x960.png" Configuration="Release" Class="iPhone_Launch640">
                    <Platform Name="iOSDevice">
                        <RemoteName>Default@2x.png</RemoteName>
                    </Platform>
                </DeployFile>
                <DeployFile LocalName="$(BDS)\bin\Artwork\iOS\iPhone\FM_SpotlightSearchIcon_29x29.png" Configuration="Release" Class="iPhone_Spotlight29">
                    <Platform Name="iOSDevice"/>
                </DeployFile>
                <DeployFile LocalName="$(BDS)\bin\Artwork\iOS\iPhone\FM_ApplicationIcon_57x57.png" Configuration="Release" Class="iPhone_AppIcon57">
                    <Platform Name="iOSDevice"/>
                </DeployFile>
                <DeployFile LocalName="$(BDS)\bin\Artwork\iOS\iPad\FM_LaunchImageLandscape_2048x1496.png" Configuration="Release" Class="iPad_Launch2048">
                    <Platform Name="iOSDevice">
                        <RemoteName>Default-Landscape@2x~ipad.png</RemoteName>
                    </Platform>
                </DeployFile>
                <DeployFile LocalName="$(BDS)\redist\osx32\libmidas.dylib" Class="File">
                    <Platform Name="OSX32"/>
                </DeployFile>
                <DeployFile LocalName="iOSSimulator\Release\PropertyCrossDelphi.entitlements" Configuration="Release" Class="ProjectiOSEntitlements">
                    <Platform Name="iOSSimulator">
                        <RemoteName>Entitlements.plist</RemoteName>
                    </Platform>
                </DeployFile>
                <DeployFile LocalName="iOSSimulator\Debug\PropertyCrossDelphi.rsm" Configuration="Debug" Class="DebugSymbols">
                    <Platform Name="iOSSimulator">
                        <RemoteName>PropertyCrossDelphi.rsm</RemoteName>
                    </Platform>
                </DeployFile>
                <DeployFile LocalName="$(BDS)\Redist\osx32\libcgunwind.1.0.dylib" Class="DependencyModule">
                    <Platform Name="OSX32"/>
                    <Platform Name="iOSSimulator"/>
                </DeployFile>
                <DeployFile LocalName="iOSSimulator\Release\PropertyCrossDelphi.info.plist" Configuration="Release" Class="ProjectiOSSimulatorInfoPList">
                    <Platform Name="iOSSimulator">
                        <RemoteName>Info.plist</RemoteName>
                    </Platform>
                </DeployFile>
                <DeployFile LocalName="iOSDevice\Release\PropertyCrossDelphi.info.plist" Configuration="Release" Class="ProjectiOSDeviceInfoPList">
                    <Platform Name="iOSDevice">
                        <RemoteName>Info.plist</RemoteName>
                    </Platform>
                </DeployFile>
                <DeployFile LocalName="$(BDS)\bin\Artwork\iOS\iPhone\FM_ApplicationIcon_114x114.png" Configuration="Release" Class="iPhone_AppIcon114">
                    <Platform Name="iOSDevice"/>
                </DeployFile>
                <DeployFile LocalName="iOSSimulator\Release\PropertyCrossDelphi.rsm" Configuration="Release" Class="DebugSymbols">
                    <Platform Name="iOSSimulator">
                        <RemoteName>PropertyCrossDelphi.rsm</RemoteName>
                    </Platform>
                </DeployFile>
                <DeployFile LocalName="$(BDS)\bin\midas.dll" Class="File">
                    <Platform Name="Win32"/>
                </DeployFile>
                <DeployFile LocalName="iOSDevice\Debug\PropertyCrossDelphi.dSYM" Configuration="Debug" Class="ProjectiOSDeviceDebug">
                    <Platform Name="iOSDevice">
                        <RemoteName>PropertyCrossDelphi2</RemoteName>
                    </Platform>
                </DeployFile>
                <DeployFile LocalName="$(BDS)\bin\Artwork\iOS\iPad\FM_SettingIcon_29x29.png" Configuration="Release" Class="iPad_Setting29">
                    <Platform Name="iOSDevice"/>
                </DeployFile>
                <DeployFile LocalName="iOSDevice\Debug\PropertyCrossDelphi.info.plist" Configuration="Debug" Class="ProjectiOSDeviceInfoPList">
                    <Platform Name="iOSDevice">
                        <RemoteName>Info.plist</RemoteName>
                    </Platform>
                </DeployFile>
                <DeployFile LocalName="$(BDS)\bin64\midas.dll" Class="File">
                    <Platform Name="Win64"/>
                </DeployFile>
                <DeployFile LocalName="iOSDevice\Debug\PropertyCrossDelphi.entitlements" Configuration="Debug" Class="ProjectiOSEntitlements">
                    <Platform Name="iOSDevice">
                        <RemoteName>Entitlements.plist</RemoteName>
                    </Platform>
                </DeployFile>
                <DeployFile LocalName="iOSDevice\Release\PropertyCrossDelphi.dSYM" Configuration="Release" Class="ProjectiOSDeviceDebug">
                    <Platform Name="iOSDevice">
                        <RemoteName>PropertyCrossDelphi2</RemoteName>
                    </Platform>
                </DeployFile>
                <DeployFile LocalName="iOSSimulator\Debug\PropertyCrossDelphi" Configuration="Debug" Class="ProjectOutput">
                    <Platform Name="iOSSimulator"/>
                </DeployFile>
                <DeployFile LocalName="iOSSimulator\Debug\PropertyCrossDelphi.info.plist" Configuration="Debug" Class="ProjectiOSSimulatorInfoPList">
                    <Platform Name="iOSSimulator">
                        <RemoteName>Info.plist</RemoteName>
                    </Platform>
                </DeployFile>
                <DeployFile LocalName="$(BDS)\bin\Artwork\iOS\iPad\FM_ApplicationIcon_72x72.png" Configuration="Release" Class="iPad_AppIcon72">
                    <Platform Name="iOSDevice"/>
                </DeployFile>
                <DeployFile LocalName="$(BDS)\bin\Artwork\iOS\iPad\FM_LaunchImageLandscape_1024x748.png" Configuration="Release" Class="iPad_Launch1024">
                    <Platform Name="iOSDevice">
                        <RemoteName>Default-Landscape~ipad.png</RemoteName>
                    </Platform>
                </DeployFile>
                <DeployFile LocalName="$(BDS)\bin\Artwork\iOS\iPhone\FM_LaunchImage_320x480.png" Configuration="Release" Class="iPhone_Launch320">
                    <Platform Name="iOSDevice">
                        <RemoteName>Default.png</RemoteName>
                    </Platform>
                </DeployFile>
                <DeployFile LocalName="iOSDevice\Release\PropertyCrossDelphi.entitlements" Configuration="Release" Class="ProjectiOSEntitlements">
                    <Platform Name="iOSDevice">
                        <RemoteName>Entitlements.plist</RemoteName>
                    </Platform>
                </DeployFile>
                <DeployFile LocalName="$(BDS)\bin\Artwork\iOS\iPad\FM_LaunchImagePortrait_768x1004.png" Configuration="Release" Class="iPad_Launch768">
                    <Platform Name="iOSDevice">
                        <RemoteName>Default-Portrait~ipad.png</RemoteName>
                    </Platform>
                </DeployFile>
                <DeployFile LocalName="iOSDevice\Release\ResourceRules.plist" Configuration="Release" Class="ProjectiOSDeviceResourceRules">
                    <Platform Name="iOSDevice">
                        <RemoteName>ResourceRules.plist</RemoteName>
                    </Platform>
                </DeployFile>
                <DeployFile LocalName="$(BDS)\bin\Artwork\iOS\iPad\FM_LaunchImagePortrait_1536x2008.png" Configuration="Release" Class="iPad_Launch1536">
                    <Platform Name="iOSDevice">
                        <RemoteName>Default-Portrait@2x~ipad.png</RemoteName>
                    </Platform>
                </DeployFile>
                <DeployFile LocalName="iOSSimulator\Release\PropertyCrossDelphi" Configuration="Release" Class="ProjectOutput">
                    <Platform Name="iOSSimulator"/>
                </DeployFile>
                <DeployFile LocalName="$(BDS)\bin\Artwork\iOS\iPad\FM_SpotlightSearchIcon_100x100.png" Configuration="Release" Class="iPad_SpotLight100">
                    <Platform Name="iOSDevice"/>
                </DeployFile>
                <DeployFile LocalName="$(BDS)\bin\Artwork\iOS\iPhone\FM_LaunchImage_640x1136.png" Configuration="Release" Class="iPhone_Launch640x1136">
                    <Platform Name="iOSDevice">
                        <RemoteName>Default-568h@2x.png</RemoteName>
                    </Platform>
                </DeployFile>
                <DeployFile LocalName="$(BDS)\bin\Artwork\iOS\iPad\FM_SettingIcon_58x58.png" Configuration="Release" Class="iPad_Setting58">
                    <Platform Name="iOSDevice"/>
                </DeployFile>
                <DeployFile LocalName="iOSDevice\Debug\ResourceRules.plist" Configuration="Debug" Class="ProjectiOSDeviceResourceRules">
                    <Platform Name="iOSDevice">
                        <RemoteName>ResourceRules.plist</RemoteName>
                    </Platform>
                </DeployFile>
                <DeployFile LocalName="$(BDS)\bin\Artwork\iOS\iPad\FM_SpotlightSearchIcon_50x50.png" Configuration="Release" Class="iPad_SpotLight50">
                    <Platform Name="iOSDevice"/>
                </DeployFile>
                <DeployFile LocalName="$(BDS)\bin\Artwork\iOS\iPad\FM_ApplicationIcon_144x144.png" Configuration="Release" Class="iPad_AppIcon144">
                    <Platform Name="iOSDevice"/>
                </DeployFile>
                <DeployClass Required="true" Name="DependencyPackage">
                    <Platform Name="iOSDevice">
                        <Operation>1</Operation>
                        <Extensions>.dylib</Extensions>
                    </Platform>
                    <Platform Name="Win32">
                        <Operation>0</Operation>
                        <Extensions>.bpl</Extensions>
                    </Platform>
                    <Platform Name="OSX32">
                        <RemoteDir>Contents\MacOS</RemoteDir>
                        <Operation>1</Operation>
                        <Extensions>.dylib</Extensions>
                    </Platform>
                    <Platform Name="iOSSimulator">
                        <Operation>1</Operation>
                        <Extensions>.dylib</Extensions>
                    </Platform>
                </DeployClass>
                <DeployClass Name="DependencyModule">
                    <Platform Name="iOSDevice">
                        <Operation>1</Operation>
                        <Extensions>.dylib</Extensions>
                    </Platform>
                    <Platform Name="Win32">
                        <Operation>0</Operation>
                        <Extensions>.dll;.bpl</Extensions>
                    </Platform>
                    <Platform Name="OSX32">
                        <RemoteDir>Contents\MacOS</RemoteDir>
                        <Operation>1</Operation>
                        <Extensions>.dylib</Extensions>
                    </Platform>
                    <Platform Name="iOSSimulator">
                        <Operation>1</Operation>
                        <Extensions>.dylib</Extensions>
                    </Platform>
                </DeployClass>
                <DeployClass Name="iPad_Launch2048">
                    <Platform Name="iOSDevice">
                        <Operation>1</Operation>
                    </Platform>
                    <Platform Name="iOSSimulator">
                        <Operation>1</Operation>
                    </Platform>
                </DeployClass>
                <DeployClass Name="ProjectOSXInfoPList">
                    <Platform Name="OSX32">
                        <RemoteDir>Contents</RemoteDir>
                        <Operation>1</Operation>
                    </Platform>
                </DeployClass>
                <DeployClass Name="ProjectiOSDeviceInfoPList">
                    <Platform Name="iOSDevice">
                        <Operation>1</Operation>
                    </Platform>
                </DeployClass>
                <DeployClass Name="ProjectiOSDeviceDebug">
                    <Platform Name="iOSDevice">
                        <RemoteDir>..\$(PROJECTNAME).app.dSYM\Contents\Resources\DWARF</RemoteDir>
                        <Operation>1</Operation>
                    </Platform>
                </DeployClass>
                <DeployClass Name="iPad_Launch1024">
                    <Platform Name="iOSDevice">
                        <Operation>1</Operation>
                    </Platform>
                    <Platform Name="iOSSimulator">
                        <Operation>1</Operation>
                    </Platform>
                </DeployClass>
                <DeployClass Name="ProjectiOSResource">
                    <Platform Name="iOSDevice">
                        <Operation>1</Operation>
                    </Platform>
                    <Platform Name="iOSSimulator">
                        <Operation>1</Operation>
                    </Platform>
                </DeployClass>
                <DeployClass Name="ProjectiOSSimulatorInfoPList">
                    <Platform Name="iOSSimulator">
                        <Operation>1</Operation>
                    </Platform>
                </DeployClass>
                <DeployClass Name="ProjectOSXEntitlements">
                    <Platform Name="OSX32">
                        <RemoteDir>Contents</RemoteDir>
                        <Operation>1</Operation>
                    </Platform>
                </DeployClass>
                <DeployClass Name="iPhone_Launch640">
                    <Platform Name="iOSDevice">
                        <Operation>1</Operation>
                    </Platform>
                    <Platform Name="iOSSimulator">
                        <Operation>1</Operation>
                    </Platform>
                </DeployClass>
                <DeployClass Name="ProjectOSXResource">
                    <Platform Name="OSX32">
                        <RemoteDir>Contents\Resources</RemoteDir>
                        <Operation>1</Operation>
                    </Platform>
                </DeployClass>
                <DeployClass Name="iPhone_Launch320">
                    <Platform Name="iOSDevice">
                        <Operation>1</Operation>
                    </Platform>
                    <Platform Name="iOSSimulator">
                        <Operation>1</Operation>
                    </Platform>
                </DeployClass>
                <DeployClass Name="iPad_Launch768">
                    <Platform Name="iOSDevice">
                        <Operation>1</Operation>
                    </Platform>
                    <Platform Name="iOSSimulator">
                        <Operation>1</Operation>
                    </Platform>
                </DeployClass>
                <DeployClass Required="true" Name="ProjectOutput">
                    <Platform Name="iOSDevice">
                        <Operation>1</Operation>
                    </Platform>
                    <Platform Name="Win32">
                        <Operation>0</Operation>
                    </Platform>
                    <Platform Name="OSX32">
                        <RemoteDir>Contents\MacOS</RemoteDir>
                        <Operation>1</Operation>
                    </Platform>
                    <Platform Name="iOSSimulator">
                        <Operation>1</Operation>
                    </Platform>
                </DeployClass>
                <DeployClass Name="ProjectiOSDeviceResourceRules">
                    <Platform Name="iOSDevice">
                        <Operation>1</Operation>
                    </Platform>
                </DeployClass>
                <DeployClass Name="File">
                    <Platform Name="iOSDevice">
                        <Operation>0</Operation>
                    </Platform>
                    <Platform Name="Win32">
                        <Operation>0</Operation>
                    </Platform>
                    <Platform Name="OSX32">
                        <RemoteDir>Contents\MacOS</RemoteDir>
                        <Operation>0</Operation>
                    </Platform>
                    <Platform Name="iOSSimulator">
                        <Operation>0</Operation>
                    </Platform>
                </DeployClass>
                <DeployClass Name="DebugSymbols">
                    <Platform Name="OSX32">
                        <RemoteDir>Contents\MacOS</RemoteDir>
                        <Operation>1</Operation>
                    </Platform>
                    <Platform Name="iOSSimulator">
                        <Operation>1</Operation>
                    </Platform>
                    <Platform Name="Win32">
                        <Operation>0</Operation>
                    </Platform>
                </DeployClass>
                <DeployClass Name="DependencyFramework">
                    <Platform Name="OSX32">
                        <RemoteDir>Contents\MacOS</RemoteDir>
                        <Operation>1</Operation>
                        <Extensions>.framework</Extensions>
                    </Platform>
                    <Platform Name="Win32">
                        <Operation>0</Operation>
                    </Platform>
                </DeployClass>
                <DeployClass Name="iPhone_Launch640x1136">
                    <Platform Name="iOSDevice">
                        <Operation>1</Operation>
                    </Platform>
                    <Platform Name="iOSSimulator">
                        <Operation>1</Operation>
                    </Platform>
                </DeployClass>
                <DeployClass Name="ProjectiOSEntitlements">
                    <Platform Name="iOSDevice">
                        <Operation>1</Operation>
                    </Platform>
                </DeployClass>
                <DeployClass Name="iPad_Launch1536">
                    <Platform Name="iOSDevice">
                        <Operation>1</Operation>
                    </Platform>
                    <Platform Name="iOSSimulator">
                        <Operation>1</Operation>
                    </Platform>
                </DeployClass>
                <DeployClass Name="AdditionalDebugSymbols">
                    <Platform Name="OSX32">
                        <RemoteDir>Contents\MacOS</RemoteDir>
                        <Operation>1</Operation>
                    </Platform>
                    <Platform Name="iOSSimulator">
                        <Operation>1</Operation>
                    </Platform>
                    <Platform Name="Win32">
                        <RemoteDir>Contents\MacOS</RemoteDir>
                        <Operation>0</Operation>
                    </Platform>
                </DeployClass>
                <ProjectRoot Platform="iOSDevice" Name="$(PROJECTNAME).app"/>
                <ProjectRoot Platform="Win32" Name="$(PROJECTNAME)"/>
                <ProjectRoot Platform="OSX32" Name="$(PROJECTNAME).app"/>
                <ProjectRoot Platform="iOSSimulator" Name="$(PROJECTNAME).app"/>
                <ProjectRoot Platform="Win64" Name="$(PROJECTNAME)"/>
            </Deployment>
        </BorlandProject>
        <ProjectFileVersion>12</ProjectFileVersion>
    </ProjectExtensions>
    <Import Project="$(BDS)\Bin\CodeGear.Delphi.Targets" Condition="Exists('$(BDS)\Bin\CodeGear.Delphi.Targets')"/>
    <Import Project="$(APPDATA)\Embarcadero\$(BDSAPPDATABASEDIR)\$(PRODUCTVERSION)\UserTools.proj" Condition="Exists('$(APPDATA)\Embarcadero\$(BDSAPPDATABASEDIR)\$(PRODUCTVERSION)\UserTools.proj')"/>
    <Import Project="$(MSBuildProjectName).deployproj" Condition="Exists('$(MSBuildProjectName).deployproj')"/>
</Project>
