
Microsoft Visual Studio Solution File, Format Version 11.00
# Visual Studio 2010
Project("{FAE04EC0-301F-11D3-BF4B-00C04F79EFBC}") = "PropertyFinder", "PropertyFinder\PropertyFinder.csproj", "{2B7B26B5-AC5D-4765-A61B-C80A88B14D7C}"
EndProject
Global
	GlobalSection(SolutionConfigurationPlatforms) = preSolution
		Debug|Any CPU = Debug|Any CPU
		Release|Any CPU = Release|Any CPU
	EndGlobalSection
	GlobalSection(ProjectConfigurationPlatforms) = postSolution
		{2B7B26B5-AC5D-4765-A61B-C80A88B14D7C}.Debug|Any CPU.ActiveCfg = Debug|Any CPU
		{2B7B26B5-AC5D-4765-A61B-C80A88B14D7C}.Debug|Any CPU.Build.0 = Debug|Any CPU
		{2B7B26B5-AC5D-4765-A61B-C80A88B14D7C}.Release|Any CPU.ActiveCfg = Release|Any CPU
		{2B7B26B5-AC5D-4765-A61B-C80A88B14D7C}.Release|Any CPU.Build.0 = Release|Any CPU
	EndGlobalSection
	GlobalSection(MonoDevelopProperties) = preSolution
		StartupItem = PropertyFinder\PropertyFinder.csproj
	EndGlobalSection
EndGlobal
