
Microsoft Visual Studio Solution File, Format Version 12.00
# Visual Studio 14
VisualStudioVersion = 14.0.23107.0
MinimumVisualStudioVersion = 10.0.40219.1
Project("{FAE04EC0-301F-11D3-BF4B-00C04F79EFBC}") = "PropertyCross_Intersoft.Core", "PropertyCross_Intersoft.Core\PropertyCross_Intersoft.Core.csproj", "{4E804DAB-2506-42F3-AD9D-50884966863E}"
EndProject
Project("{FAE04EC0-301F-11D3-BF4B-00C04F79EFBC}") = "PropertyCross_Intersoft.iOS", "PropertyCross_Intersoft.iOS\PropertyCross_Intersoft.iOS.csproj", "{E77FA859-2770-41E3-981B-51D89532B4EB}"
EndProject
Project("{FAE04EC0-301F-11D3-BF4B-00C04F79EFBC}") = "PropertyCross_Intersoft.Android", "PropertyCross_Intersoft.Android\PropertyCross_Intersoft.Android.csproj", "{36A70576-A7DD-46C5-AB4B-8914CB660D4F}"
EndProject
Project("{FAE04EC0-301F-11D3-BF4B-00C04F79EFBC}") = "PropertyCross_Intersoft.WinPhone", "PropertyCross_Intersoft.WinPhone\PropertyCross_Intersoft.WinPhone.csproj", "{B5AC1CBD-C6B0-4EFB-8659-461C18ED6F6A}"
EndProject
Project("{FAE04EC0-301F-11D3-BF4B-00C04F79EFBC}") = "PropertyCross_Intersoft.Android.Material", "PropertyCross_Intersoft.Android.Material\PropertyCross_Intersoft.Android.Material.csproj", "{D7B0AD50-D9F6-49DF-9846-5701F247B14F}"
EndProject
Global
	GlobalSection(SolutionConfigurationPlatforms) = preSolution
		Ad-Hoc|Any CPU = Ad-Hoc|Any CPU
		Ad-Hoc|ARM = Ad-Hoc|ARM
		Ad-Hoc|iPhone = Ad-Hoc|iPhone
		Ad-Hoc|iPhoneSimulator = Ad-Hoc|iPhoneSimulator
		Ad-Hoc|Mixed Platforms = Ad-Hoc|Mixed Platforms
		Ad-Hoc|x86 = Ad-Hoc|x86
		AppStore|Any CPU = AppStore|Any CPU
		AppStore|ARM = AppStore|ARM
		AppStore|iPhone = AppStore|iPhone
		AppStore|iPhoneSimulator = AppStore|iPhoneSimulator
		AppStore|Mixed Platforms = AppStore|Mixed Platforms
		AppStore|x86 = AppStore|x86
		Debug|Any CPU = Debug|Any CPU
		Debug|ARM = Debug|ARM
		Debug|iPhone = Debug|iPhone
		Debug|iPhoneSimulator = Debug|iPhoneSimulator
		Debug|Mixed Platforms = Debug|Mixed Platforms
		Debug|x86 = Debug|x86
		DebugInternal|Any CPU = DebugInternal|Any CPU
		DebugInternal|ARM = DebugInternal|ARM
		DebugInternal|iPhone = DebugInternal|iPhone
		DebugInternal|iPhoneSimulator = DebugInternal|iPhoneSimulator
		DebugInternal|Mixed Platforms = DebugInternal|Mixed Platforms
		DebugInternal|x86 = DebugInternal|x86
		InternalDebug|Any CPU = InternalDebug|Any CPU
		InternalDebug|ARM = InternalDebug|ARM
		InternalDebug|iPhone = InternalDebug|iPhone
		InternalDebug|iPhoneSimulator = InternalDebug|iPhoneSimulator
		InternalDebug|Mixed Platforms = InternalDebug|Mixed Platforms
		InternalDebug|x86 = InternalDebug|x86
		InternalRelease|Any CPU = InternalRelease|Any CPU
		InternalRelease|ARM = InternalRelease|ARM
		InternalRelease|iPhone = InternalRelease|iPhone
		InternalRelease|iPhoneSimulator = InternalRelease|iPhoneSimulator
		InternalRelease|Mixed Platforms = InternalRelease|Mixed Platforms
		InternalRelease|x86 = InternalRelease|x86
		Release|Any CPU = Release|Any CPU
		Release|ARM = Release|ARM
		Release|iPhone = Release|iPhone
		Release|iPhoneSimulator = Release|iPhoneSimulator
		Release|Mixed Platforms = Release|Mixed Platforms
		Release|x86 = Release|x86
	EndGlobalSection
	GlobalSection(ProjectConfigurationPlatforms) = postSolution
		{4E804DAB-2506-42F3-AD9D-50884966863E}.Ad-Hoc|Any CPU.ActiveCfg = Release|Any CPU
		{4E804DAB-2506-42F3-AD9D-50884966863E}.Ad-Hoc|Any CPU.Build.0 = Release|Any CPU
		{4E804DAB-2506-42F3-AD9D-50884966863E}.Ad-Hoc|ARM.ActiveCfg = Release|Any CPU
		{4E804DAB-2506-42F3-AD9D-50884966863E}.Ad-Hoc|iPhone.ActiveCfg = Release|Any CPU
		{4E804DAB-2506-42F3-AD9D-50884966863E}.Ad-Hoc|iPhoneSimulator.ActiveCfg = Release|Any CPU
		{4E804DAB-2506-42F3-AD9D-50884966863E}.Ad-Hoc|Mixed Platforms.ActiveCfg = Release|Any CPU
		{4E804DAB-2506-42F3-AD9D-50884966863E}.Ad-Hoc|Mixed Platforms.Build.0 = Release|Any CPU
		{4E804DAB-2506-42F3-AD9D-50884966863E}.Ad-Hoc|x86.ActiveCfg = Release|Any CPU
		{4E804DAB-2506-42F3-AD9D-50884966863E}.AppStore|Any CPU.ActiveCfg = Release|Any CPU
		{4E804DAB-2506-42F3-AD9D-50884966863E}.AppStore|Any CPU.Build.0 = Release|Any CPU
		{4E804DAB-2506-42F3-AD9D-50884966863E}.AppStore|ARM.ActiveCfg = Release|Any CPU
		{4E804DAB-2506-42F3-AD9D-50884966863E}.AppStore|iPhone.ActiveCfg = Release|Any CPU
		{4E804DAB-2506-42F3-AD9D-50884966863E}.AppStore|iPhoneSimulator.ActiveCfg = Release|Any CPU
		{4E804DAB-2506-42F3-AD9D-50884966863E}.AppStore|Mixed Platforms.ActiveCfg = Release|Any CPU
		{4E804DAB-2506-42F3-AD9D-50884966863E}.AppStore|Mixed Platforms.Build.0 = Release|Any CPU
		{4E804DAB-2506-42F3-AD9D-50884966863E}.AppStore|x86.ActiveCfg = Release|Any CPU
		{4E804DAB-2506-42F3-AD9D-50884966863E}.Debug|Any CPU.ActiveCfg = Debug|Any CPU
		{4E804DAB-2506-42F3-AD9D-50884966863E}.Debug|Any CPU.Build.0 = Debug|Any CPU
		{4E804DAB-2506-42F3-AD9D-50884966863E}.Debug|ARM.ActiveCfg = Debug|Any CPU
		{4E804DAB-2506-42F3-AD9D-50884966863E}.Debug|iPhone.ActiveCfg = Debug|Any CPU
		{4E804DAB-2506-42F3-AD9D-50884966863E}.Debug|iPhone.Build.0 = Debug|Any CPU
		{4E804DAB-2506-42F3-AD9D-50884966863E}.Debug|iPhoneSimulator.ActiveCfg = Debug|Any CPU
		{4E804DAB-2506-42F3-AD9D-50884966863E}.Debug|iPhoneSimulator.Build.0 = Debug|Any CPU
		{4E804DAB-2506-42F3-AD9D-50884966863E}.Debug|Mixed Platforms.ActiveCfg = Debug|Any CPU
		{4E804DAB-2506-42F3-AD9D-50884966863E}.Debug|Mixed Platforms.Build.0 = Debug|Any CPU
		{4E804DAB-2506-42F3-AD9D-50884966863E}.Debug|x86.ActiveCfg = Debug|Any CPU
		{4E804DAB-2506-42F3-AD9D-50884966863E}.DebugInternal|Any CPU.ActiveCfg = Debug|Any CPU
		{4E804DAB-2506-42F3-AD9D-50884966863E}.DebugInternal|Any CPU.Build.0 = Debug|Any CPU
		{4E804DAB-2506-42F3-AD9D-50884966863E}.DebugInternal|ARM.ActiveCfg = Debug|Any CPU
		{4E804DAB-2506-42F3-AD9D-50884966863E}.DebugInternal|iPhone.ActiveCfg = Debug|Any CPU
		{4E804DAB-2506-42F3-AD9D-50884966863E}.DebugInternal|iPhoneSimulator.ActiveCfg = Debug|Any CPU
		{4E804DAB-2506-42F3-AD9D-50884966863E}.DebugInternal|Mixed Platforms.ActiveCfg = Debug|Any CPU
		{4E804DAB-2506-42F3-AD9D-50884966863E}.DebugInternal|Mixed Platforms.Build.0 = Debug|Any CPU
		{4E804DAB-2506-42F3-AD9D-50884966863E}.DebugInternal|x86.ActiveCfg = Debug|Any CPU
		{4E804DAB-2506-42F3-AD9D-50884966863E}.InternalDebug|Any CPU.ActiveCfg = Debug|Any CPU
		{4E804DAB-2506-42F3-AD9D-50884966863E}.InternalDebug|Any CPU.Build.0 = Debug|Any CPU
		{4E804DAB-2506-42F3-AD9D-50884966863E}.InternalDebug|ARM.ActiveCfg = Debug|Any CPU
		{4E804DAB-2506-42F3-AD9D-50884966863E}.InternalDebug|iPhone.ActiveCfg = Debug|Any CPU
		{4E804DAB-2506-42F3-AD9D-50884966863E}.InternalDebug|iPhoneSimulator.ActiveCfg = Debug|Any CPU
		{4E804DAB-2506-42F3-AD9D-50884966863E}.InternalDebug|Mixed Platforms.ActiveCfg = Debug|Any CPU
		{4E804DAB-2506-42F3-AD9D-50884966863E}.InternalDebug|Mixed Platforms.Build.0 = Debug|Any CPU
		{4E804DAB-2506-42F3-AD9D-50884966863E}.InternalDebug|x86.ActiveCfg = Debug|Any CPU
		{4E804DAB-2506-42F3-AD9D-50884966863E}.InternalRelease|Any CPU.ActiveCfg = Release|Any CPU
		{4E804DAB-2506-42F3-AD9D-50884966863E}.InternalRelease|Any CPU.Build.0 = Release|Any CPU
		{4E804DAB-2506-42F3-AD9D-50884966863E}.InternalRelease|ARM.ActiveCfg = Release|Any CPU
		{4E804DAB-2506-42F3-AD9D-50884966863E}.InternalRelease|iPhone.ActiveCfg = Release|Any CPU
		{4E804DAB-2506-42F3-AD9D-50884966863E}.InternalRelease|iPhoneSimulator.ActiveCfg = Release|Any CPU
		{4E804DAB-2506-42F3-AD9D-50884966863E}.InternalRelease|Mixed Platforms.ActiveCfg = Release|Any CPU
		{4E804DAB-2506-42F3-AD9D-50884966863E}.InternalRelease|Mixed Platforms.Build.0 = Release|Any CPU
		{4E804DAB-2506-42F3-AD9D-50884966863E}.InternalRelease|x86.ActiveCfg = Release|Any CPU
		{4E804DAB-2506-42F3-AD9D-50884966863E}.Release|Any CPU.ActiveCfg = Release|Any CPU
		{4E804DAB-2506-42F3-AD9D-50884966863E}.Release|Any CPU.Build.0 = Release|Any CPU
		{4E804DAB-2506-42F3-AD9D-50884966863E}.Release|ARM.ActiveCfg = Release|Any CPU
		{4E804DAB-2506-42F3-AD9D-50884966863E}.Release|iPhone.ActiveCfg = Release|Any CPU
		{4E804DAB-2506-42F3-AD9D-50884966863E}.Release|iPhoneSimulator.ActiveCfg = Release|Any CPU
		{4E804DAB-2506-42F3-AD9D-50884966863E}.Release|Mixed Platforms.ActiveCfg = Release|Any CPU
		{4E804DAB-2506-42F3-AD9D-50884966863E}.Release|Mixed Platforms.Build.0 = Release|Any CPU
		{4E804DAB-2506-42F3-AD9D-50884966863E}.Release|x86.ActiveCfg = Release|Any CPU
		{E77FA859-2770-41E3-981B-51D89532B4EB}.Ad-Hoc|Any CPU.ActiveCfg = Ad-Hoc|iPhone
		{E77FA859-2770-41E3-981B-51D89532B4EB}.Ad-Hoc|ARM.ActiveCfg = Ad-Hoc|iPhone
		{E77FA859-2770-41E3-981B-51D89532B4EB}.Ad-Hoc|iPhone.ActiveCfg = Ad-Hoc|iPhone
		{E77FA859-2770-41E3-981B-51D89532B4EB}.Ad-Hoc|iPhone.Build.0 = Ad-Hoc|iPhone
		{E77FA859-2770-41E3-981B-51D89532B4EB}.Ad-Hoc|iPhoneSimulator.ActiveCfg = Ad-Hoc|iPhoneSimulator
		{E77FA859-2770-41E3-981B-51D89532B4EB}.Ad-Hoc|iPhoneSimulator.Build.0 = Ad-Hoc|iPhoneSimulator
		{E77FA859-2770-41E3-981B-51D89532B4EB}.Ad-Hoc|Mixed Platforms.ActiveCfg = Ad-Hoc|iPhone
		{E77FA859-2770-41E3-981B-51D89532B4EB}.Ad-Hoc|Mixed Platforms.Build.0 = Ad-Hoc|iPhone
		{E77FA859-2770-41E3-981B-51D89532B4EB}.Ad-Hoc|x86.ActiveCfg = Ad-Hoc|iPhone
		{E77FA859-2770-41E3-981B-51D89532B4EB}.AppStore|Any CPU.ActiveCfg = AppStore|iPhone
		{E77FA859-2770-41E3-981B-51D89532B4EB}.AppStore|ARM.ActiveCfg = AppStore|iPhone
		{E77FA859-2770-41E3-981B-51D89532B4EB}.AppStore|iPhone.ActiveCfg = AppStore|iPhone
		{E77FA859-2770-41E3-981B-51D89532B4EB}.AppStore|iPhone.Build.0 = AppStore|iPhone
		{E77FA859-2770-41E3-981B-51D89532B4EB}.AppStore|iPhoneSimulator.ActiveCfg = AppStore|iPhoneSimulator
		{E77FA859-2770-41E3-981B-51D89532B4EB}.AppStore|iPhoneSimulator.Build.0 = AppStore|iPhoneSimulator
		{E77FA859-2770-41E3-981B-51D89532B4EB}.AppStore|Mixed Platforms.ActiveCfg = AppStore|iPhone
		{E77FA859-2770-41E3-981B-51D89532B4EB}.AppStore|Mixed Platforms.Build.0 = AppStore|iPhone
		{E77FA859-2770-41E3-981B-51D89532B4EB}.AppStore|x86.ActiveCfg = AppStore|iPhone
		{E77FA859-2770-41E3-981B-51D89532B4EB}.Debug|Any CPU.ActiveCfg = Debug|iPhoneSimulator
		{E77FA859-2770-41E3-981B-51D89532B4EB}.Debug|Any CPU.Build.0 = Debug|iPhoneSimulator
		{E77FA859-2770-41E3-981B-51D89532B4EB}.Debug|ARM.ActiveCfg = Debug|iPhone
		{E77FA859-2770-41E3-981B-51D89532B4EB}.Debug|iPhone.ActiveCfg = Debug|iPhone
		{E77FA859-2770-41E3-981B-51D89532B4EB}.Debug|iPhone.Build.0 = Debug|iPhone
		{E77FA859-2770-41E3-981B-51D89532B4EB}.Debug|iPhoneSimulator.ActiveCfg = Debug|iPhoneSimulator
		{E77FA859-2770-41E3-981B-51D89532B4EB}.Debug|iPhoneSimulator.Build.0 = Debug|iPhoneSimulator
		{E77FA859-2770-41E3-981B-51D89532B4EB}.Debug|Mixed Platforms.ActiveCfg = Debug|iPhone
		{E77FA859-2770-41E3-981B-51D89532B4EB}.Debug|Mixed Platforms.Build.0 = Debug|iPhone
		{E77FA859-2770-41E3-981B-51D89532B4EB}.Debug|x86.ActiveCfg = Debug|iPhone
		{E77FA859-2770-41E3-981B-51D89532B4EB}.DebugInternal|Any CPU.ActiveCfg = Debug|iPhone
		{E77FA859-2770-41E3-981B-51D89532B4EB}.DebugInternal|ARM.ActiveCfg = Debug|iPhone
		{E77FA859-2770-41E3-981B-51D89532B4EB}.DebugInternal|iPhone.ActiveCfg = Debug|iPhone
		{E77FA859-2770-41E3-981B-51D89532B4EB}.DebugInternal|iPhone.Build.0 = Debug|iPhone
		{E77FA859-2770-41E3-981B-51D89532B4EB}.DebugInternal|iPhoneSimulator.ActiveCfg = Debug|iPhoneSimulator
		{E77FA859-2770-41E3-981B-51D89532B4EB}.DebugInternal|iPhoneSimulator.Build.0 = Debug|iPhoneSimulator
		{E77FA859-2770-41E3-981B-51D89532B4EB}.DebugInternal|Mixed Platforms.ActiveCfg = Debug|iPhone
		{E77FA859-2770-41E3-981B-51D89532B4EB}.DebugInternal|Mixed Platforms.Build.0 = Debug|iPhone
		{E77FA859-2770-41E3-981B-51D89532B4EB}.DebugInternal|x86.ActiveCfg = Debug|iPhone
		{E77FA859-2770-41E3-981B-51D89532B4EB}.InternalDebug|Any CPU.ActiveCfg = Debug|iPhone
		{E77FA859-2770-41E3-981B-51D89532B4EB}.InternalDebug|ARM.ActiveCfg = Debug|iPhone
		{E77FA859-2770-41E3-981B-51D89532B4EB}.InternalDebug|iPhone.ActiveCfg = Debug|iPhone
		{E77FA859-2770-41E3-981B-51D89532B4EB}.InternalDebug|iPhone.Build.0 = Debug|iPhone
		{E77FA859-2770-41E3-981B-51D89532B4EB}.InternalDebug|iPhoneSimulator.ActiveCfg = Debug|iPhoneSimulator
		{E77FA859-2770-41E3-981B-51D89532B4EB}.InternalDebug|iPhoneSimulator.Build.0 = Debug|iPhoneSimulator
		{E77FA859-2770-41E3-981B-51D89532B4EB}.InternalDebug|Mixed Platforms.ActiveCfg = Debug|iPhone
		{E77FA859-2770-41E3-981B-51D89532B4EB}.InternalDebug|Mixed Platforms.Build.0 = Debug|iPhone
		{E77FA859-2770-41E3-981B-51D89532B4EB}.InternalDebug|x86.ActiveCfg = Debug|iPhone
		{E77FA859-2770-41E3-981B-51D89532B4EB}.InternalRelease|Any CPU.ActiveCfg = Release|iPhone
		{E77FA859-2770-41E3-981B-51D89532B4EB}.InternalRelease|ARM.ActiveCfg = Release|iPhone
		{E77FA859-2770-41E3-981B-51D89532B4EB}.InternalRelease|iPhone.ActiveCfg = Release|iPhone
		{E77FA859-2770-41E3-981B-51D89532B4EB}.InternalRelease|iPhone.Build.0 = Release|iPhone
		{E77FA859-2770-41E3-981B-51D89532B4EB}.InternalRelease|iPhoneSimulator.ActiveCfg = Release|iPhoneSimulator
		{E77FA859-2770-41E3-981B-51D89532B4EB}.InternalRelease|iPhoneSimulator.Build.0 = Release|iPhoneSimulator
		{E77FA859-2770-41E3-981B-51D89532B4EB}.InternalRelease|Mixed Platforms.ActiveCfg = Release|iPhone
		{E77FA859-2770-41E3-981B-51D89532B4EB}.InternalRelease|Mixed Platforms.Build.0 = Release|iPhone
		{E77FA859-2770-41E3-981B-51D89532B4EB}.InternalRelease|x86.ActiveCfg = Release|iPhone
		{E77FA859-2770-41E3-981B-51D89532B4EB}.Release|Any CPU.ActiveCfg = Release|iPhone
		{E77FA859-2770-41E3-981B-51D89532B4EB}.Release|ARM.ActiveCfg = Release|iPhone
		{E77FA859-2770-41E3-981B-51D89532B4EB}.Release|iPhone.ActiveCfg = Release|iPhone
		{E77FA859-2770-41E3-981B-51D89532B4EB}.Release|iPhone.Build.0 = Release|iPhone
		{E77FA859-2770-41E3-981B-51D89532B4EB}.Release|iPhoneSimulator.ActiveCfg = Release|iPhoneSimulator
		{E77FA859-2770-41E3-981B-51D89532B4EB}.Release|iPhoneSimulator.Build.0 = Release|iPhoneSimulator
		{E77FA859-2770-41E3-981B-51D89532B4EB}.Release|Mixed Platforms.ActiveCfg = Release|iPhone
		{E77FA859-2770-41E3-981B-51D89532B4EB}.Release|Mixed Platforms.Build.0 = Release|iPhone
		{E77FA859-2770-41E3-981B-51D89532B4EB}.Release|x86.ActiveCfg = Release|iPhone
		{36A70576-A7DD-46C5-AB4B-8914CB660D4F}.Ad-Hoc|Any CPU.ActiveCfg = Release|Any CPU
		{36A70576-A7DD-46C5-AB4B-8914CB660D4F}.Ad-Hoc|Any CPU.Build.0 = Release|Any CPU
		{36A70576-A7DD-46C5-AB4B-8914CB660D4F}.Ad-Hoc|Any CPU.Deploy.0 = Release|Any CPU
		{36A70576-A7DD-46C5-AB4B-8914CB660D4F}.Ad-Hoc|ARM.ActiveCfg = Release|Any CPU
		{36A70576-A7DD-46C5-AB4B-8914CB660D4F}.Ad-Hoc|iPhone.ActiveCfg = Release|Any CPU
		{36A70576-A7DD-46C5-AB4B-8914CB660D4F}.Ad-Hoc|iPhoneSimulator.ActiveCfg = Release|Any CPU
		{36A70576-A7DD-46C5-AB4B-8914CB660D4F}.Ad-Hoc|Mixed Platforms.ActiveCfg = Release|Any CPU
		{36A70576-A7DD-46C5-AB4B-8914CB660D4F}.Ad-Hoc|Mixed Platforms.Build.0 = Release|Any CPU
		{36A70576-A7DD-46C5-AB4B-8914CB660D4F}.Ad-Hoc|Mixed Platforms.Deploy.0 = Release|Any CPU
		{36A70576-A7DD-46C5-AB4B-8914CB660D4F}.Ad-Hoc|x86.ActiveCfg = Release|Any CPU
		{36A70576-A7DD-46C5-AB4B-8914CB660D4F}.AppStore|Any CPU.ActiveCfg = Release|Any CPU
		{36A70576-A7DD-46C5-AB4B-8914CB660D4F}.AppStore|Any CPU.Build.0 = Release|Any CPU
		{36A70576-A7DD-46C5-AB4B-8914CB660D4F}.AppStore|Any CPU.Deploy.0 = Release|Any CPU
		{36A70576-A7DD-46C5-AB4B-8914CB660D4F}.AppStore|ARM.ActiveCfg = Release|Any CPU
		{36A70576-A7DD-46C5-AB4B-8914CB660D4F}.AppStore|iPhone.ActiveCfg = Release|Any CPU
		{36A70576-A7DD-46C5-AB4B-8914CB660D4F}.AppStore|iPhoneSimulator.ActiveCfg = Release|Any CPU
		{36A70576-A7DD-46C5-AB4B-8914CB660D4F}.AppStore|Mixed Platforms.ActiveCfg = Release|Any CPU
		{36A70576-A7DD-46C5-AB4B-8914CB660D4F}.AppStore|Mixed Platforms.Build.0 = Release|Any CPU
		{36A70576-A7DD-46C5-AB4B-8914CB660D4F}.AppStore|Mixed Platforms.Deploy.0 = Release|Any CPU
		{36A70576-A7DD-46C5-AB4B-8914CB660D4F}.AppStore|x86.ActiveCfg = Release|Any CPU
		{36A70576-A7DD-46C5-AB4B-8914CB660D4F}.Debug|Any CPU.ActiveCfg = Debug|Any CPU
		{36A70576-A7DD-46C5-AB4B-8914CB660D4F}.Debug|Any CPU.Build.0 = Debug|Any CPU
		{36A70576-A7DD-46C5-AB4B-8914CB660D4F}.Debug|Any CPU.Deploy.0 = Debug|Any CPU
		{36A70576-A7DD-46C5-AB4B-8914CB660D4F}.Debug|ARM.ActiveCfg = Debug|Any CPU
		{36A70576-A7DD-46C5-AB4B-8914CB660D4F}.Debug|iPhone.ActiveCfg = Debug|Any CPU
		{36A70576-A7DD-46C5-AB4B-8914CB660D4F}.Debug|iPhoneSimulator.ActiveCfg = Debug|Any CPU
		{36A70576-A7DD-46C5-AB4B-8914CB660D4F}.Debug|Mixed Platforms.ActiveCfg = Debug|Any CPU
		{36A70576-A7DD-46C5-AB4B-8914CB660D4F}.Debug|Mixed Platforms.Build.0 = Debug|Any CPU
		{36A70576-A7DD-46C5-AB4B-8914CB660D4F}.Debug|Mixed Platforms.Deploy.0 = Debug|Any CPU
		{36A70576-A7DD-46C5-AB4B-8914CB660D4F}.Debug|x86.ActiveCfg = Debug|Any CPU
		{36A70576-A7DD-46C5-AB4B-8914CB660D4F}.DebugInternal|Any CPU.ActiveCfg = Debug|Any CPU
		{36A70576-A7DD-46C5-AB4B-8914CB660D4F}.DebugInternal|Any CPU.Build.0 = Debug|Any CPU
		{36A70576-A7DD-46C5-AB4B-8914CB660D4F}.DebugInternal|Any CPU.Deploy.0 = Debug|Any CPU
		{36A70576-A7DD-46C5-AB4B-8914CB660D4F}.DebugInternal|ARM.ActiveCfg = Debug|Any CPU
		{36A70576-A7DD-46C5-AB4B-8914CB660D4F}.DebugInternal|iPhone.ActiveCfg = Debug|Any CPU
		{36A70576-A7DD-46C5-AB4B-8914CB660D4F}.DebugInternal|iPhoneSimulator.ActiveCfg = Debug|Any CPU
		{36A70576-A7DD-46C5-AB4B-8914CB660D4F}.DebugInternal|Mixed Platforms.ActiveCfg = Debug|Any CPU
		{36A70576-A7DD-46C5-AB4B-8914CB660D4F}.DebugInternal|Mixed Platforms.Build.0 = Debug|Any CPU
		{36A70576-A7DD-46C5-AB4B-8914CB660D4F}.DebugInternal|Mixed Platforms.Deploy.0 = Debug|Any CPU
		{36A70576-A7DD-46C5-AB4B-8914CB660D4F}.DebugInternal|x86.ActiveCfg = Debug|Any CPU
		{36A70576-A7DD-46C5-AB4B-8914CB660D4F}.InternalDebug|Any CPU.ActiveCfg = Debug|Any CPU
		{36A70576-A7DD-46C5-AB4B-8914CB660D4F}.InternalDebug|Any CPU.Build.0 = Debug|Any CPU
		{36A70576-A7DD-46C5-AB4B-8914CB660D4F}.InternalDebug|Any CPU.Deploy.0 = Debug|Any CPU
		{36A70576-A7DD-46C5-AB4B-8914CB660D4F}.InternalDebug|ARM.ActiveCfg = Debug|Any CPU
		{36A70576-A7DD-46C5-AB4B-8914CB660D4F}.InternalDebug|iPhone.ActiveCfg = Debug|Any CPU
		{36A70576-A7DD-46C5-AB4B-8914CB660D4F}.InternalDebug|iPhoneSimulator.ActiveCfg = Debug|Any CPU
		{36A70576-A7DD-46C5-AB4B-8914CB660D4F}.InternalDebug|Mixed Platforms.ActiveCfg = Debug|Any CPU
		{36A70576-A7DD-46C5-AB4B-8914CB660D4F}.InternalDebug|Mixed Platforms.Build.0 = Debug|Any CPU
		{36A70576-A7DD-46C5-AB4B-8914CB660D4F}.InternalDebug|Mixed Platforms.Deploy.0 = Debug|Any CPU
		{36A70576-A7DD-46C5-AB4B-8914CB660D4F}.InternalDebug|x86.ActiveCfg = Debug|Any CPU
		{36A70576-A7DD-46C5-AB4B-8914CB660D4F}.InternalRelease|Any CPU.ActiveCfg = Release|Any CPU
		{36A70576-A7DD-46C5-AB4B-8914CB660D4F}.InternalRelease|Any CPU.Build.0 = Release|Any CPU
		{36A70576-A7DD-46C5-AB4B-8914CB660D4F}.InternalRelease|Any CPU.Deploy.0 = Release|Any CPU
		{36A70576-A7DD-46C5-AB4B-8914CB660D4F}.InternalRelease|ARM.ActiveCfg = Release|Any CPU
		{36A70576-A7DD-46C5-AB4B-8914CB660D4F}.InternalRelease|iPhone.ActiveCfg = Release|Any CPU
		{36A70576-A7DD-46C5-AB4B-8914CB660D4F}.InternalRelease|iPhoneSimulator.ActiveCfg = Release|Any CPU
		{36A70576-A7DD-46C5-AB4B-8914CB660D4F}.InternalRelease|Mixed Platforms.ActiveCfg = Release|Any CPU
		{36A70576-A7DD-46C5-AB4B-8914CB660D4F}.InternalRelease|Mixed Platforms.Build.0 = Release|Any CPU
		{36A70576-A7DD-46C5-AB4B-8914CB660D4F}.InternalRelease|Mixed Platforms.Deploy.0 = Release|Any CPU
		{36A70576-A7DD-46C5-AB4B-8914CB660D4F}.InternalRelease|x86.ActiveCfg = Release|Any CPU
		{36A70576-A7DD-46C5-AB4B-8914CB660D4F}.Release|Any CPU.ActiveCfg = Release|Any CPU
		{36A70576-A7DD-46C5-AB4B-8914CB660D4F}.Release|Any CPU.Build.0 = Release|Any CPU
		{36A70576-A7DD-46C5-AB4B-8914CB660D4F}.Release|Any CPU.Deploy.0 = Release|Any CPU
		{36A70576-A7DD-46C5-AB4B-8914CB660D4F}.Release|ARM.ActiveCfg = Release|Any CPU
		{36A70576-A7DD-46C5-AB4B-8914CB660D4F}.Release|iPhone.ActiveCfg = Release|Any CPU
		{36A70576-A7DD-46C5-AB4B-8914CB660D4F}.Release|iPhoneSimulator.ActiveCfg = Release|Any CPU
		{36A70576-A7DD-46C5-AB4B-8914CB660D4F}.Release|Mixed Platforms.ActiveCfg = Release|Any CPU
		{36A70576-A7DD-46C5-AB4B-8914CB660D4F}.Release|Mixed Platforms.Build.0 = Release|Any CPU
		{36A70576-A7DD-46C5-AB4B-8914CB660D4F}.Release|Mixed Platforms.Deploy.0 = Release|Any CPU
		{36A70576-A7DD-46C5-AB4B-8914CB660D4F}.Release|x86.ActiveCfg = Release|Any CPU
		{B5AC1CBD-C6B0-4EFB-8659-461C18ED6F6A}.Ad-Hoc|Any CPU.ActiveCfg = Release|Any CPU
		{B5AC1CBD-C6B0-4EFB-8659-461C18ED6F6A}.Ad-Hoc|Any CPU.Build.0 = Release|Any CPU
		{B5AC1CBD-C6B0-4EFB-8659-461C18ED6F6A}.Ad-Hoc|Any CPU.Deploy.0 = Release|Any CPU
		{B5AC1CBD-C6B0-4EFB-8659-461C18ED6F6A}.Ad-Hoc|ARM.ActiveCfg = Release|ARM
		{B5AC1CBD-C6B0-4EFB-8659-461C18ED6F6A}.Ad-Hoc|ARM.Build.0 = Release|ARM
		{B5AC1CBD-C6B0-4EFB-8659-461C18ED6F6A}.Ad-Hoc|ARM.Deploy.0 = Release|ARM
		{B5AC1CBD-C6B0-4EFB-8659-461C18ED6F6A}.Ad-Hoc|iPhone.ActiveCfg = Release|Any CPU
		{B5AC1CBD-C6B0-4EFB-8659-461C18ED6F6A}.Ad-Hoc|iPhoneSimulator.ActiveCfg = Release|Any CPU
		{B5AC1CBD-C6B0-4EFB-8659-461C18ED6F6A}.Ad-Hoc|Mixed Platforms.ActiveCfg = Release|x86
		{B5AC1CBD-C6B0-4EFB-8659-461C18ED6F6A}.Ad-Hoc|Mixed Platforms.Build.0 = Release|x86
		{B5AC1CBD-C6B0-4EFB-8659-461C18ED6F6A}.Ad-Hoc|Mixed Platforms.Deploy.0 = Release|x86
		{B5AC1CBD-C6B0-4EFB-8659-461C18ED6F6A}.Ad-Hoc|x86.ActiveCfg = Release|x86
		{B5AC1CBD-C6B0-4EFB-8659-461C18ED6F6A}.Ad-Hoc|x86.Build.0 = Release|x86
		{B5AC1CBD-C6B0-4EFB-8659-461C18ED6F6A}.Ad-Hoc|x86.Deploy.0 = Release|x86
		{B5AC1CBD-C6B0-4EFB-8659-461C18ED6F6A}.AppStore|Any CPU.ActiveCfg = Release|Any CPU
		{B5AC1CBD-C6B0-4EFB-8659-461C18ED6F6A}.AppStore|Any CPU.Build.0 = Release|Any CPU
		{B5AC1CBD-C6B0-4EFB-8659-461C18ED6F6A}.AppStore|Any CPU.Deploy.0 = Release|Any CPU
		{B5AC1CBD-C6B0-4EFB-8659-461C18ED6F6A}.AppStore|ARM.ActiveCfg = Release|ARM
		{B5AC1CBD-C6B0-4EFB-8659-461C18ED6F6A}.AppStore|ARM.Build.0 = Release|ARM
		{B5AC1CBD-C6B0-4EFB-8659-461C18ED6F6A}.AppStore|ARM.Deploy.0 = Release|ARM
		{B5AC1CBD-C6B0-4EFB-8659-461C18ED6F6A}.AppStore|iPhone.ActiveCfg = Release|Any CPU
		{B5AC1CBD-C6B0-4EFB-8659-461C18ED6F6A}.AppStore|iPhoneSimulator.ActiveCfg = Release|Any CPU
		{B5AC1CBD-C6B0-4EFB-8659-461C18ED6F6A}.AppStore|Mixed Platforms.ActiveCfg = Release|x86
		{B5AC1CBD-C6B0-4EFB-8659-461C18ED6F6A}.AppStore|Mixed Platforms.Build.0 = Release|x86
		{B5AC1CBD-C6B0-4EFB-8659-461C18ED6F6A}.AppStore|Mixed Platforms.Deploy.0 = Release|x86
		{B5AC1CBD-C6B0-4EFB-8659-461C18ED6F6A}.AppStore|x86.ActiveCfg = Release|x86
		{B5AC1CBD-C6B0-4EFB-8659-461C18ED6F6A}.AppStore|x86.Build.0 = Release|x86
		{B5AC1CBD-C6B0-4EFB-8659-461C18ED6F6A}.AppStore|x86.Deploy.0 = Release|x86
		{B5AC1CBD-C6B0-4EFB-8659-461C18ED6F6A}.Debug|Any CPU.ActiveCfg = Debug|Any CPU
		{B5AC1CBD-C6B0-4EFB-8659-461C18ED6F6A}.Debug|Any CPU.Build.0 = Debug|Any CPU
		{B5AC1CBD-C6B0-4EFB-8659-461C18ED6F6A}.Debug|Any CPU.Deploy.0 = Debug|Any CPU
		{B5AC1CBD-C6B0-4EFB-8659-461C18ED6F6A}.Debug|ARM.ActiveCfg = Debug|ARM
		{B5AC1CBD-C6B0-4EFB-8659-461C18ED6F6A}.Debug|ARM.Build.0 = Debug|ARM
		{B5AC1CBD-C6B0-4EFB-8659-461C18ED6F6A}.Debug|ARM.Deploy.0 = Debug|ARM
		{B5AC1CBD-C6B0-4EFB-8659-461C18ED6F6A}.Debug|iPhone.ActiveCfg = Debug|Any CPU
		{B5AC1CBD-C6B0-4EFB-8659-461C18ED6F6A}.Debug|iPhoneSimulator.ActiveCfg = Debug|Any CPU
		{B5AC1CBD-C6B0-4EFB-8659-461C18ED6F6A}.Debug|Mixed Platforms.ActiveCfg = Debug|x86
		{B5AC1CBD-C6B0-4EFB-8659-461C18ED6F6A}.Debug|Mixed Platforms.Build.0 = Debug|x86
		{B5AC1CBD-C6B0-4EFB-8659-461C18ED6F6A}.Debug|Mixed Platforms.Deploy.0 = Debug|x86
		{B5AC1CBD-C6B0-4EFB-8659-461C18ED6F6A}.Debug|x86.ActiveCfg = Debug|x86
		{B5AC1CBD-C6B0-4EFB-8659-461C18ED6F6A}.Debug|x86.Build.0 = Debug|x86
		{B5AC1CBD-C6B0-4EFB-8659-461C18ED6F6A}.Debug|x86.Deploy.0 = Debug|x86
		{B5AC1CBD-C6B0-4EFB-8659-461C18ED6F6A}.DebugInternal|Any CPU.ActiveCfg = Debug|Any CPU
		{B5AC1CBD-C6B0-4EFB-8659-461C18ED6F6A}.DebugInternal|Any CPU.Build.0 = Debug|Any CPU
		{B5AC1CBD-C6B0-4EFB-8659-461C18ED6F6A}.DebugInternal|Any CPU.Deploy.0 = Debug|Any CPU
		{B5AC1CBD-C6B0-4EFB-8659-461C18ED6F6A}.DebugInternal|ARM.ActiveCfg = Debug|ARM
		{B5AC1CBD-C6B0-4EFB-8659-461C18ED6F6A}.DebugInternal|ARM.Build.0 = Debug|ARM
		{B5AC1CBD-C6B0-4EFB-8659-461C18ED6F6A}.DebugInternal|ARM.Deploy.0 = Debug|ARM
		{B5AC1CBD-C6B0-4EFB-8659-461C18ED6F6A}.DebugInternal|iPhone.ActiveCfg = Debug|Any CPU
		{B5AC1CBD-C6B0-4EFB-8659-461C18ED6F6A}.DebugInternal|iPhoneSimulator.ActiveCfg = Debug|Any CPU
		{B5AC1CBD-C6B0-4EFB-8659-461C18ED6F6A}.DebugInternal|Mixed Platforms.ActiveCfg = Debug|x86
		{B5AC1CBD-C6B0-4EFB-8659-461C18ED6F6A}.DebugInternal|Mixed Platforms.Build.0 = Debug|x86
		{B5AC1CBD-C6B0-4EFB-8659-461C18ED6F6A}.DebugInternal|Mixed Platforms.Deploy.0 = Debug|x86
		{B5AC1CBD-C6B0-4EFB-8659-461C18ED6F6A}.DebugInternal|x86.ActiveCfg = Debug|x86
		{B5AC1CBD-C6B0-4EFB-8659-461C18ED6F6A}.DebugInternal|x86.Build.0 = Debug|x86
		{B5AC1CBD-C6B0-4EFB-8659-461C18ED6F6A}.DebugInternal|x86.Deploy.0 = Debug|x86
		{B5AC1CBD-C6B0-4EFB-8659-461C18ED6F6A}.InternalDebug|Any CPU.ActiveCfg = Debug|Any CPU
		{B5AC1CBD-C6B0-4EFB-8659-461C18ED6F6A}.InternalDebug|Any CPU.Build.0 = Debug|Any CPU
		{B5AC1CBD-C6B0-4EFB-8659-461C18ED6F6A}.InternalDebug|Any CPU.Deploy.0 = Debug|Any CPU
		{B5AC1CBD-C6B0-4EFB-8659-461C18ED6F6A}.InternalDebug|ARM.ActiveCfg = Debug|ARM
		{B5AC1CBD-C6B0-4EFB-8659-461C18ED6F6A}.InternalDebug|ARM.Build.0 = Debug|ARM
		{B5AC1CBD-C6B0-4EFB-8659-461C18ED6F6A}.InternalDebug|ARM.Deploy.0 = Debug|ARM
		{B5AC1CBD-C6B0-4EFB-8659-461C18ED6F6A}.InternalDebug|iPhone.ActiveCfg = Debug|Any CPU
		{B5AC1CBD-C6B0-4EFB-8659-461C18ED6F6A}.InternalDebug|iPhoneSimulator.ActiveCfg = Debug|Any CPU
		{B5AC1CBD-C6B0-4EFB-8659-461C18ED6F6A}.InternalDebug|Mixed Platforms.ActiveCfg = Debug|x86
		{B5AC1CBD-C6B0-4EFB-8659-461C18ED6F6A}.InternalDebug|Mixed Platforms.Build.0 = Debug|x86
		{B5AC1CBD-C6B0-4EFB-8659-461C18ED6F6A}.InternalDebug|Mixed Platforms.Deploy.0 = Debug|x86
		{B5AC1CBD-C6B0-4EFB-8659-461C18ED6F6A}.InternalDebug|x86.ActiveCfg = Debug|x86
		{B5AC1CBD-C6B0-4EFB-8659-461C18ED6F6A}.InternalDebug|x86.Build.0 = Debug|x86
		{B5AC1CBD-C6B0-4EFB-8659-461C18ED6F6A}.InternalDebug|x86.Deploy.0 = Debug|x86
		{B5AC1CBD-C6B0-4EFB-8659-461C18ED6F6A}.InternalRelease|Any CPU.ActiveCfg = Release|Any CPU
		{B5AC1CBD-C6B0-4EFB-8659-461C18ED6F6A}.InternalRelease|Any CPU.Build.0 = Release|Any CPU
		{B5AC1CBD-C6B0-4EFB-8659-461C18ED6F6A}.InternalRelease|Any CPU.Deploy.0 = Release|Any CPU
		{B5AC1CBD-C6B0-4EFB-8659-461C18ED6F6A}.InternalRelease|ARM.ActiveCfg = Release|ARM
		{B5AC1CBD-C6B0-4EFB-8659-461C18ED6F6A}.InternalRelease|ARM.Build.0 = Release|ARM
		{B5AC1CBD-C6B0-4EFB-8659-461C18ED6F6A}.InternalRelease|ARM.Deploy.0 = Release|ARM
		{B5AC1CBD-C6B0-4EFB-8659-461C18ED6F6A}.InternalRelease|iPhone.ActiveCfg = Release|Any CPU
		{B5AC1CBD-C6B0-4EFB-8659-461C18ED6F6A}.InternalRelease|iPhoneSimulator.ActiveCfg = Release|Any CPU
		{B5AC1CBD-C6B0-4EFB-8659-461C18ED6F6A}.InternalRelease|Mixed Platforms.ActiveCfg = Release|x86
		{B5AC1CBD-C6B0-4EFB-8659-461C18ED6F6A}.InternalRelease|Mixed Platforms.Build.0 = Release|x86
		{B5AC1CBD-C6B0-4EFB-8659-461C18ED6F6A}.InternalRelease|Mixed Platforms.Deploy.0 = Release|x86
		{B5AC1CBD-C6B0-4EFB-8659-461C18ED6F6A}.InternalRelease|x86.ActiveCfg = Release|x86
		{B5AC1CBD-C6B0-4EFB-8659-461C18ED6F6A}.InternalRelease|x86.Build.0 = Release|x86
		{B5AC1CBD-C6B0-4EFB-8659-461C18ED6F6A}.InternalRelease|x86.Deploy.0 = Release|x86
		{B5AC1CBD-C6B0-4EFB-8659-461C18ED6F6A}.Release|Any CPU.ActiveCfg = Release|Any CPU
		{B5AC1CBD-C6B0-4EFB-8659-461C18ED6F6A}.Release|Any CPU.Build.0 = Release|Any CPU
		{B5AC1CBD-C6B0-4EFB-8659-461C18ED6F6A}.Release|Any CPU.Deploy.0 = Release|Any CPU
		{B5AC1CBD-C6B0-4EFB-8659-461C18ED6F6A}.Release|ARM.ActiveCfg = Release|ARM
		{B5AC1CBD-C6B0-4EFB-8659-461C18ED6F6A}.Release|ARM.Build.0 = Release|ARM
		{B5AC1CBD-C6B0-4EFB-8659-461C18ED6F6A}.Release|ARM.Deploy.0 = Release|ARM
		{B5AC1CBD-C6B0-4EFB-8659-461C18ED6F6A}.Release|iPhone.ActiveCfg = Release|Any CPU
		{B5AC1CBD-C6B0-4EFB-8659-461C18ED6F6A}.Release|iPhoneSimulator.ActiveCfg = Release|Any CPU
		{B5AC1CBD-C6B0-4EFB-8659-461C18ED6F6A}.Release|Mixed Platforms.ActiveCfg = Release|x86
		{B5AC1CBD-C6B0-4EFB-8659-461C18ED6F6A}.Release|Mixed Platforms.Build.0 = Release|x86
		{B5AC1CBD-C6B0-4EFB-8659-461C18ED6F6A}.Release|Mixed Platforms.Deploy.0 = Release|x86
		{B5AC1CBD-C6B0-4EFB-8659-461C18ED6F6A}.Release|x86.ActiveCfg = Release|x86
		{B5AC1CBD-C6B0-4EFB-8659-461C18ED6F6A}.Release|x86.Build.0 = Release|x86
		{B5AC1CBD-C6B0-4EFB-8659-461C18ED6F6A}.Release|x86.Deploy.0 = Release|x86
		{D7B0AD50-D9F6-49DF-9846-5701F247B14F}.Ad-Hoc|Any CPU.ActiveCfg = Release|Any CPU
		{D7B0AD50-D9F6-49DF-9846-5701F247B14F}.Ad-Hoc|Any CPU.Build.0 = Release|Any CPU
		{D7B0AD50-D9F6-49DF-9846-5701F247B14F}.Ad-Hoc|Any CPU.Deploy.0 = Release|Any CPU
		{D7B0AD50-D9F6-49DF-9846-5701F247B14F}.Ad-Hoc|ARM.ActiveCfg = Release|Any CPU
		{D7B0AD50-D9F6-49DF-9846-5701F247B14F}.Ad-Hoc|ARM.Build.0 = Release|Any CPU
		{D7B0AD50-D9F6-49DF-9846-5701F247B14F}.Ad-Hoc|ARM.Deploy.0 = Release|Any CPU
		{D7B0AD50-D9F6-49DF-9846-5701F247B14F}.Ad-Hoc|iPhone.ActiveCfg = Release|Any CPU
		{D7B0AD50-D9F6-49DF-9846-5701F247B14F}.Ad-Hoc|iPhone.Build.0 = Release|Any CPU
		{D7B0AD50-D9F6-49DF-9846-5701F247B14F}.Ad-Hoc|iPhone.Deploy.0 = Release|Any CPU
		{D7B0AD50-D9F6-49DF-9846-5701F247B14F}.Ad-Hoc|iPhoneSimulator.ActiveCfg = Release|Any CPU
		{D7B0AD50-D9F6-49DF-9846-5701F247B14F}.Ad-Hoc|iPhoneSimulator.Build.0 = Release|Any CPU
		{D7B0AD50-D9F6-49DF-9846-5701F247B14F}.Ad-Hoc|iPhoneSimulator.Deploy.0 = Release|Any CPU
		{D7B0AD50-D9F6-49DF-9846-5701F247B14F}.Ad-Hoc|Mixed Platforms.ActiveCfg = Release|Any CPU
		{D7B0AD50-D9F6-49DF-9846-5701F247B14F}.Ad-Hoc|Mixed Platforms.Build.0 = Release|Any CPU
		{D7B0AD50-D9F6-49DF-9846-5701F247B14F}.Ad-Hoc|Mixed Platforms.Deploy.0 = Release|Any CPU
		{D7B0AD50-D9F6-49DF-9846-5701F247B14F}.Ad-Hoc|x86.ActiveCfg = Release|Any CPU
		{D7B0AD50-D9F6-49DF-9846-5701F247B14F}.Ad-Hoc|x86.Build.0 = Release|Any CPU
		{D7B0AD50-D9F6-49DF-9846-5701F247B14F}.Ad-Hoc|x86.Deploy.0 = Release|Any CPU
		{D7B0AD50-D9F6-49DF-9846-5701F247B14F}.AppStore|Any CPU.ActiveCfg = Release|Any CPU
		{D7B0AD50-D9F6-49DF-9846-5701F247B14F}.AppStore|Any CPU.Build.0 = Release|Any CPU
		{D7B0AD50-D9F6-49DF-9846-5701F247B14F}.AppStore|Any CPU.Deploy.0 = Release|Any CPU
		{D7B0AD50-D9F6-49DF-9846-5701F247B14F}.AppStore|ARM.ActiveCfg = Release|Any CPU
		{D7B0AD50-D9F6-49DF-9846-5701F247B14F}.AppStore|ARM.Build.0 = Release|Any CPU
		{D7B0AD50-D9F6-49DF-9846-5701F247B14F}.AppStore|ARM.Deploy.0 = Release|Any CPU
		{D7B0AD50-D9F6-49DF-9846-5701F247B14F}.AppStore|iPhone.ActiveCfg = Release|Any CPU
		{D7B0AD50-D9F6-49DF-9846-5701F247B14F}.AppStore|iPhone.Build.0 = Release|Any CPU
		{D7B0AD50-D9F6-49DF-9846-5701F247B14F}.AppStore|iPhone.Deploy.0 = Release|Any CPU
		{D7B0AD50-D9F6-49DF-9846-5701F247B14F}.AppStore|iPhoneSimulator.ActiveCfg = Release|Any CPU
		{D7B0AD50-D9F6-49DF-9846-5701F247B14F}.AppStore|iPhoneSimulator.Build.0 = Release|Any CPU
		{D7B0AD50-D9F6-49DF-9846-5701F247B14F}.AppStore|iPhoneSimulator.Deploy.0 = Release|Any CPU
		{D7B0AD50-D9F6-49DF-9846-5701F247B14F}.AppStore|Mixed Platforms.ActiveCfg = Release|Any CPU
		{D7B0AD50-D9F6-49DF-9846-5701F247B14F}.AppStore|Mixed Platforms.Build.0 = Release|Any CPU
		{D7B0AD50-D9F6-49DF-9846-5701F247B14F}.AppStore|Mixed Platforms.Deploy.0 = Release|Any CPU
		{D7B0AD50-D9F6-49DF-9846-5701F247B14F}.AppStore|x86.ActiveCfg = Release|Any CPU
		{D7B0AD50-D9F6-49DF-9846-5701F247B14F}.AppStore|x86.Build.0 = Release|Any CPU
		{D7B0AD50-D9F6-49DF-9846-5701F247B14F}.AppStore|x86.Deploy.0 = Release|Any CPU
		{D7B0AD50-D9F6-49DF-9846-5701F247B14F}.Debug|Any CPU.ActiveCfg = Debug|Any CPU
		{D7B0AD50-D9F6-49DF-9846-5701F247B14F}.Debug|Any CPU.Build.0 = Debug|Any CPU
		{D7B0AD50-D9F6-49DF-9846-5701F247B14F}.Debug|Any CPU.Deploy.0 = Debug|Any CPU
		{D7B0AD50-D9F6-49DF-9846-5701F247B14F}.Debug|ARM.ActiveCfg = Debug|Any CPU
		{D7B0AD50-D9F6-49DF-9846-5701F247B14F}.Debug|ARM.Build.0 = Debug|Any CPU
		{D7B0AD50-D9F6-49DF-9846-5701F247B14F}.Debug|ARM.Deploy.0 = Debug|Any CPU
		{D7B0AD50-D9F6-49DF-9846-5701F247B14F}.Debug|iPhone.ActiveCfg = Debug|Any CPU
		{D7B0AD50-D9F6-49DF-9846-5701F247B14F}.Debug|iPhone.Build.0 = Debug|Any CPU
		{D7B0AD50-D9F6-49DF-9846-5701F247B14F}.Debug|iPhone.Deploy.0 = Debug|Any CPU
		{D7B0AD50-D9F6-49DF-9846-5701F247B14F}.Debug|iPhoneSimulator.ActiveCfg = Debug|Any CPU
		{D7B0AD50-D9F6-49DF-9846-5701F247B14F}.Debug|iPhoneSimulator.Build.0 = Debug|Any CPU
		{D7B0AD50-D9F6-49DF-9846-5701F247B14F}.Debug|iPhoneSimulator.Deploy.0 = Debug|Any CPU
		{D7B0AD50-D9F6-49DF-9846-5701F247B14F}.Debug|Mixed Platforms.ActiveCfg = Debug|Any CPU
		{D7B0AD50-D9F6-49DF-9846-5701F247B14F}.Debug|Mixed Platforms.Build.0 = Debug|Any CPU
		{D7B0AD50-D9F6-49DF-9846-5701F247B14F}.Debug|Mixed Platforms.Deploy.0 = Debug|Any CPU
		{D7B0AD50-D9F6-49DF-9846-5701F247B14F}.Debug|x86.ActiveCfg = Debug|Any CPU
		{D7B0AD50-D9F6-49DF-9846-5701F247B14F}.Debug|x86.Build.0 = Debug|Any CPU
		{D7B0AD50-D9F6-49DF-9846-5701F247B14F}.Debug|x86.Deploy.0 = Debug|Any CPU
		{D7B0AD50-D9F6-49DF-9846-5701F247B14F}.DebugInternal|Any CPU.ActiveCfg = Debug|Any CPU
		{D7B0AD50-D9F6-49DF-9846-5701F247B14F}.DebugInternal|Any CPU.Build.0 = Debug|Any CPU
		{D7B0AD50-D9F6-49DF-9846-5701F247B14F}.DebugInternal|Any CPU.Deploy.0 = Debug|Any CPU
		{D7B0AD50-D9F6-49DF-9846-5701F247B14F}.DebugInternal|ARM.ActiveCfg = Debug|Any CPU
		{D7B0AD50-D9F6-49DF-9846-5701F247B14F}.DebugInternal|ARM.Build.0 = Debug|Any CPU
		{D7B0AD50-D9F6-49DF-9846-5701F247B14F}.DebugInternal|ARM.Deploy.0 = Debug|Any CPU
		{D7B0AD50-D9F6-49DF-9846-5701F247B14F}.DebugInternal|iPhone.ActiveCfg = Debug|Any CPU
		{D7B0AD50-D9F6-49DF-9846-5701F247B14F}.DebugInternal|iPhone.Build.0 = Debug|Any CPU
		{D7B0AD50-D9F6-49DF-9846-5701F247B14F}.DebugInternal|iPhone.Deploy.0 = Debug|Any CPU
		{D7B0AD50-D9F6-49DF-9846-5701F247B14F}.DebugInternal|iPhoneSimulator.ActiveCfg = Debug|Any CPU
		{D7B0AD50-D9F6-49DF-9846-5701F247B14F}.DebugInternal|iPhoneSimulator.Build.0 = Debug|Any CPU
		{D7B0AD50-D9F6-49DF-9846-5701F247B14F}.DebugInternal|iPhoneSimulator.Deploy.0 = Debug|Any CPU
		{D7B0AD50-D9F6-49DF-9846-5701F247B14F}.DebugInternal|Mixed Platforms.ActiveCfg = Debug|Any CPU
		{D7B0AD50-D9F6-49DF-9846-5701F247B14F}.DebugInternal|Mixed Platforms.Build.0 = Debug|Any CPU
		{D7B0AD50-D9F6-49DF-9846-5701F247B14F}.DebugInternal|Mixed Platforms.Deploy.0 = Debug|Any CPU
		{D7B0AD50-D9F6-49DF-9846-5701F247B14F}.DebugInternal|x86.ActiveCfg = Debug|Any CPU
		{D7B0AD50-D9F6-49DF-9846-5701F247B14F}.DebugInternal|x86.Build.0 = Debug|Any CPU
		{D7B0AD50-D9F6-49DF-9846-5701F247B14F}.DebugInternal|x86.Deploy.0 = Debug|Any CPU
		{D7B0AD50-D9F6-49DF-9846-5701F247B14F}.InternalDebug|Any CPU.ActiveCfg = Debug|Any CPU
		{D7B0AD50-D9F6-49DF-9846-5701F247B14F}.InternalDebug|Any CPU.Build.0 = Debug|Any CPU
		{D7B0AD50-D9F6-49DF-9846-5701F247B14F}.InternalDebug|Any CPU.Deploy.0 = Debug|Any CPU
		{D7B0AD50-D9F6-49DF-9846-5701F247B14F}.InternalDebug|ARM.ActiveCfg = Debug|Any CPU
		{D7B0AD50-D9F6-49DF-9846-5701F247B14F}.InternalDebug|ARM.Build.0 = Debug|Any CPU
		{D7B0AD50-D9F6-49DF-9846-5701F247B14F}.InternalDebug|ARM.Deploy.0 = Debug|Any CPU
		{D7B0AD50-D9F6-49DF-9846-5701F247B14F}.InternalDebug|iPhone.ActiveCfg = Debug|Any CPU
		{D7B0AD50-D9F6-49DF-9846-5701F247B14F}.InternalDebug|iPhone.Build.0 = Debug|Any CPU
		{D7B0AD50-D9F6-49DF-9846-5701F247B14F}.InternalDebug|iPhone.Deploy.0 = Debug|Any CPU
		{D7B0AD50-D9F6-49DF-9846-5701F247B14F}.InternalDebug|iPhoneSimulator.ActiveCfg = Debug|Any CPU
		{D7B0AD50-D9F6-49DF-9846-5701F247B14F}.InternalDebug|iPhoneSimulator.Build.0 = Debug|Any CPU
		{D7B0AD50-D9F6-49DF-9846-5701F247B14F}.InternalDebug|iPhoneSimulator.Deploy.0 = Debug|Any CPU
		{D7B0AD50-D9F6-49DF-9846-5701F247B14F}.InternalDebug|Mixed Platforms.ActiveCfg = Debug|Any CPU
		{D7B0AD50-D9F6-49DF-9846-5701F247B14F}.InternalDebug|Mixed Platforms.Build.0 = Debug|Any CPU
		{D7B0AD50-D9F6-49DF-9846-5701F247B14F}.InternalDebug|Mixed Platforms.Deploy.0 = Debug|Any CPU
		{D7B0AD50-D9F6-49DF-9846-5701F247B14F}.InternalDebug|x86.ActiveCfg = Debug|Any CPU
		{D7B0AD50-D9F6-49DF-9846-5701F247B14F}.InternalDebug|x86.Build.0 = Debug|Any CPU
		{D7B0AD50-D9F6-49DF-9846-5701F247B14F}.InternalDebug|x86.Deploy.0 = Debug|Any CPU
		{D7B0AD50-D9F6-49DF-9846-5701F247B14F}.InternalRelease|Any CPU.ActiveCfg = Release|Any CPU
		{D7B0AD50-D9F6-49DF-9846-5701F247B14F}.InternalRelease|Any CPU.Build.0 = Release|Any CPU
		{D7B0AD50-D9F6-49DF-9846-5701F247B14F}.InternalRelease|Any CPU.Deploy.0 = Release|Any CPU
		{D7B0AD50-D9F6-49DF-9846-5701F247B14F}.InternalRelease|ARM.ActiveCfg = Release|Any CPU
		{D7B0AD50-D9F6-49DF-9846-5701F247B14F}.InternalRelease|ARM.Build.0 = Release|Any CPU
		{D7B0AD50-D9F6-49DF-9846-5701F247B14F}.InternalRelease|ARM.Deploy.0 = Release|Any CPU
		{D7B0AD50-D9F6-49DF-9846-5701F247B14F}.InternalRelease|iPhone.ActiveCfg = Release|Any CPU
		{D7B0AD50-D9F6-49DF-9846-5701F247B14F}.InternalRelease|iPhone.Build.0 = Release|Any CPU
		{D7B0AD50-D9F6-49DF-9846-5701F247B14F}.InternalRelease|iPhone.Deploy.0 = Release|Any CPU
		{D7B0AD50-D9F6-49DF-9846-5701F247B14F}.InternalRelease|iPhoneSimulator.ActiveCfg = Release|Any CPU
		{D7B0AD50-D9F6-49DF-9846-5701F247B14F}.InternalRelease|iPhoneSimulator.Build.0 = Release|Any CPU
		{D7B0AD50-D9F6-49DF-9846-5701F247B14F}.InternalRelease|iPhoneSimulator.Deploy.0 = Release|Any CPU
		{D7B0AD50-D9F6-49DF-9846-5701F247B14F}.InternalRelease|Mixed Platforms.ActiveCfg = Release|Any CPU
		{D7B0AD50-D9F6-49DF-9846-5701F247B14F}.InternalRelease|Mixed Platforms.Build.0 = Release|Any CPU
		{D7B0AD50-D9F6-49DF-9846-5701F247B14F}.InternalRelease|Mixed Platforms.Deploy.0 = Release|Any CPU
		{D7B0AD50-D9F6-49DF-9846-5701F247B14F}.InternalRelease|x86.ActiveCfg = Release|Any CPU
		{D7B0AD50-D9F6-49DF-9846-5701F247B14F}.InternalRelease|x86.Build.0 = Release|Any CPU
		{D7B0AD50-D9F6-49DF-9846-5701F247B14F}.InternalRelease|x86.Deploy.0 = Release|Any CPU
		{D7B0AD50-D9F6-49DF-9846-5701F247B14F}.Release|Any CPU.ActiveCfg = Release|Any CPU
		{D7B0AD50-D9F6-49DF-9846-5701F247B14F}.Release|Any CPU.Build.0 = Release|Any CPU
		{D7B0AD50-D9F6-49DF-9846-5701F247B14F}.Release|Any CPU.Deploy.0 = Release|Any CPU
		{D7B0AD50-D9F6-49DF-9846-5701F247B14F}.Release|ARM.ActiveCfg = Release|Any CPU
		{D7B0AD50-D9F6-49DF-9846-5701F247B14F}.Release|ARM.Build.0 = Release|Any CPU
		{D7B0AD50-D9F6-49DF-9846-5701F247B14F}.Release|ARM.Deploy.0 = Release|Any CPU
		{D7B0AD50-D9F6-49DF-9846-5701F247B14F}.Release|iPhone.ActiveCfg = Release|Any CPU
		{D7B0AD50-D9F6-49DF-9846-5701F247B14F}.Release|iPhone.Build.0 = Release|Any CPU
		{D7B0AD50-D9F6-49DF-9846-5701F247B14F}.Release|iPhone.Deploy.0 = Release|Any CPU
		{D7B0AD50-D9F6-49DF-9846-5701F247B14F}.Release|iPhoneSimulator.ActiveCfg = Release|Any CPU
		{D7B0AD50-D9F6-49DF-9846-5701F247B14F}.Release|iPhoneSimulator.Build.0 = Release|Any CPU
		{D7B0AD50-D9F6-49DF-9846-5701F247B14F}.Release|iPhoneSimulator.Deploy.0 = Release|Any CPU
		{D7B0AD50-D9F6-49DF-9846-5701F247B14F}.Release|Mixed Platforms.ActiveCfg = Release|Any CPU
		{D7B0AD50-D9F6-49DF-9846-5701F247B14F}.Release|Mixed Platforms.Build.0 = Release|Any CPU
		{D7B0AD50-D9F6-49DF-9846-5701F247B14F}.Release|Mixed Platforms.Deploy.0 = Release|Any CPU
		{D7B0AD50-D9F6-49DF-9846-5701F247B14F}.Release|x86.ActiveCfg = Release|Any CPU
		{D7B0AD50-D9F6-49DF-9846-5701F247B14F}.Release|x86.Build.0 = Release|Any CPU
		{D7B0AD50-D9F6-49DF-9846-5701F247B14F}.Release|x86.Deploy.0 = Release|Any CPU
	EndGlobalSection
	GlobalSection(SolutionProperties) = preSolution
		HideSolutionNode = FALSE
	EndGlobalSection
EndGlobal
